// !$*UTF8*$!
{
	archiveVersion = 1;
	classes = {
	};
	objectVersion = 46;
	objects = {

/* Begin PBXBuildFile section */
		4738FA501DB7CB9E00F10698 /* WebServiceHelper.swift in Sources */ = {isa = PBXBuildFile; fileRef = 4738FA4F1DB7CB9E00F10698 /* WebServiceHelper.swift */; };
		4738FA541DB7CF2100F10698 /* MBProgressHUD.m in Sources */ = {isa = PBXBuildFile; fileRef = 4738FA531DB7CF2100F10698 /* MBProgressHUD.m */; };
		4738FA591DB7ECC700F10698 /* Details.swift in Sources */ = {isa = PBXBuildFile; fileRef = 4738FA581DB7ECC700F10698 /* Details.swift */; };
		476FEEE01D9FB3BD00EEC5D4 /* TeacherMenuViewController.swift in Sources */ = {isa = PBXBuildFile; fileRef = 476FEEDE1D9FB3BD00EEC5D4 /* TeacherMenuViewController.swift */; };
		476FEEE11D9FB3BD00EEC5D4 /* TeacherMenuViewController.xib in Resources */ = {isa = PBXBuildFile; fileRef = 476FEEDF1D9FB3BD00EEC5D4 /* TeacherMenuViewController.xib */; };
		476FEEE91D9FCCB600EEC5D4 /* TeacherMenuItemCell.swift in Sources */ = {isa = PBXBuildFile; fileRef = 476FEEE71D9FCCB600EEC5D4 /* TeacherMenuItemCell.swift */; };
		476FEEEA1D9FCCB600EEC5D4 /* TeacherMenuItemCell.xib in Resources */ = {isa = PBXBuildFile; fileRef = 476FEEE81D9FCCB600EEC5D4 /* TeacherMenuItemCell.xib */; };
		476FEEEF1D9FCF6E00EEC5D4 /* TabBarController.swift in Sources */ = {isa = PBXBuildFile; fileRef = 476FEEEB1D9FCF6E00EEC5D4 /* TabBarController.swift */; };
		476FEEF01D9FCF6E00EEC5D4 /* TabBar.xib in Resources */ = {isa = PBXBuildFile; fileRef = 476FEEEC1D9FCF6E00EEC5D4 /* TabBar.xib */; };
		476FEEF11D9FCF6E00EEC5D4 /* TabBarCollectionViewCell.swift in Sources */ = {isa = PBXBuildFile; fileRef = 476FEEED1D9FCF6E00EEC5D4 /* TabBarCollectionViewCell.swift */; };
		476FEEF21D9FCF6E00EEC5D4 /* TabBarItem.xib in Resources */ = {isa = PBXBuildFile; fileRef = 476FEEEE1D9FCF6E00EEC5D4 /* TabBarItem.xib */; };
		476FEF041D9FDE6700EEC5D4 /* FAQVC.swift in Sources */ = {isa = PBXBuildFile; fileRef = 476FEF001D9FDE6700EEC5D4 /* FAQVC.swift */; };
		476FEF051D9FDE6700EEC5D4 /* FAQVC.xib in Resources */ = {isa = PBXBuildFile; fileRef = 476FEF011D9FDE6700EEC5D4 /* FAQVC.xib */; };
		476FEF061D9FDE6700EEC5D4 /* HelpVC.swift in Sources */ = {isa = PBXBuildFile; fileRef = 476FEF021D9FDE6700EEC5D4 /* HelpVC.swift */; };
		476FEF071D9FDE6700EEC5D4 /* HelpVC.xib in Resources */ = {isa = PBXBuildFile; fileRef = 476FEF031D9FDE6700EEC5D4 /* HelpVC.xib */; };
		479004B41DD8115E0086502B /* ResponseMessageViewController.swift in Sources */ = {isa = PBXBuildFile; fileRef = 479004B21DD8115E0086502B /* ResponseMessageViewController.swift */; };
		479004B51DD8115E0086502B /* ResponseMessageViewController.xib in Resources */ = {isa = PBXBuildFile; fileRef = 479004B31DD8115E0086502B /* ResponseMessageViewController.xib */; };
		479FCA011D9EE025007891E9 /* AppDelegate.swift in Sources */ = {isa = PBXBuildFile; fileRef = 479FCA001D9EE025007891E9 /* AppDelegate.swift */; };
		479FCA081D9EE025007891E9 /* Assets.xcassets in Resources */ = {isa = PBXBuildFile; fileRef = 479FCA071D9EE025007891E9 /* Assets.xcassets */; };
		479FCA0B1D9EE025007891E9 /* LaunchScreen.storyboard in Resources */ = {isa = PBXBuildFile; fileRef = 479FCA091D9EE025007891E9 /* LaunchScreen.storyboard */; };
		479FCA161D9EE025007891E9 /* ClubTracker_NewTests.swift in Sources */ = {isa = PBXBuildFile; fileRef = 479FCA151D9EE025007891E9 /* ClubTracker_NewTests.swift */; };
		479FCA211D9EE025007891E9 /* ClubTracker_NewUITests.swift in Sources */ = {isa = PBXBuildFile; fileRef = 479FCA201D9EE025007891E9 /* ClubTracker_NewUITests.swift */; };
		479FCA381D9EE2F1007891E9 /* TPKeyboardAvoidingCollectionView.m in Sources */ = {isa = PBXBuildFile; fileRef = 479FCA311D9EE2F1007891E9 /* TPKeyboardAvoidingCollectionView.m */; };
		479FCA391D9EE2F1007891E9 /* TPKeyboardAvoidingScrollView.m in Sources */ = {isa = PBXBuildFile; fileRef = 479FCA331D9EE2F1007891E9 /* TPKeyboardAvoidingScrollView.m */; };
		479FCA3A1D9EE2F1007891E9 /* TPKeyboardAvoidingTableView.m in Sources */ = {isa = PBXBuildFile; fileRef = 479FCA351D9EE2F1007891E9 /* TPKeyboardAvoidingTableView.m */; };
		479FCA3B1D9EE2F1007891E9 /* UIScrollView+TPKeyboardAvoidingAdditions.m in Sources */ = {isa = PBXBuildFile; fileRef = 479FCA371D9EE2F1007891E9 /* UIScrollView+TPKeyboardAvoidingAdditions.m */; };
		479FCA431D9EE37E007891E9 /* AutoComplete.swift in Sources */ = {isa = PBXBuildFile; fileRef = 479FCA401D9EE37E007891E9 /* AutoComplete.swift */; };
		479FCA451D9EE37E007891E9 /* Helper.swift in Sources */ = {isa = PBXBuildFile; fileRef = 479FCA421D9EE37E007891E9 /* Helper.swift */; };
		479FCA4D1D9EE3B4007891E9 /* AutoCompleteCell.swift in Sources */ = {isa = PBXBuildFile; fileRef = 479FCA471D9EE3B4007891E9 /* AutoCompleteCell.swift */; };
		479FCA4E1D9EE3B4007891E9 /* AutoCompleteCell.xib in Resources */ = {isa = PBXBuildFile; fileRef = 479FCA481D9EE3B4007891E9 /* AutoCompleteCell.xib */; };
		479FCA4F1D9EE3B4007891E9 /* FAQCell.swift in Sources */ = {isa = PBXBuildFile; fileRef = 479FCA491D9EE3B4007891E9 /* FAQCell.swift */; };
		479FCA501D9EE3B4007891E9 /* FAQCell.xib in Resources */ = {isa = PBXBuildFile; fileRef = 479FCA4A1D9EE3B4007891E9 /* FAQCell.xib */; };
		479FCA6C1D9EE5B0007891E9 /* LoginViewController.swift in Sources */ = {isa = PBXBuildFile; fileRef = 479FCA6A1D9EE5B0007891E9 /* LoginViewController.swift */; };
		479FCA6D1D9EE5B0007891E9 /* LoginViewController.xib in Resources */ = {isa = PBXBuildFile; fileRef = 479FCA6B1D9EE5B0007891E9 /* LoginViewController.xib */; };
		479FCA711D9EECEE007891E9 /* Montserrat-Bold.ttf in Resources */ = {isa = PBXBuildFile; fileRef = 479FCA6F1D9EECEE007891E9 /* Montserrat-Bold.ttf */; };
		479FCA721D9EECEE007891E9 /* Montserrat-Regular.ttf in Resources */ = {isa = PBXBuildFile; fileRef = 479FCA701D9EECEE007891E9 /* Montserrat-Regular.ttf */; };
		479FCA741D9EF104007891E9 /* Constants.swift in Sources */ = {isa = PBXBuildFile; fileRef = 479FCA731D9EF104007891E9 /* Constants.swift */; };
		479FCA771D9EF445007891E9 /* SelectClassViewController.swift in Sources */ = {isa = PBXBuildFile; fileRef = 479FCA751D9EF445007891E9 /* SelectClassViewController.swift */; };
		479FCA781D9EF445007891E9 /* SelectClassViewController.xib in Resources */ = {isa = PBXBuildFile; fileRef = 479FCA761D9EF445007891E9 /* SelectClassViewController.xib */; };
		47E984A11DA0F624003DC18C /* MessageMenuViewController.swift in Sources */ = {isa = PBXBuildFile; fileRef = 47E9849F1DA0F624003DC18C /* MessageMenuViewController.swift */; };
		47E984A21DA0F624003DC18C /* MessageMenuViewController.xib in Resources */ = {isa = PBXBuildFile; fileRef = 47E984A01DA0F624003DC18C /* MessageMenuViewController.xib */; };
		47E9E1071DA15E8000C6B6A6 /* NewMessageViewController.swift in Sources */ = {isa = PBXBuildFile; fileRef = 47E9E1051DA15E8000C6B6A6 /* NewMessageViewController.swift */; };
		47E9E1081DA15E8000C6B6A6 /* NewMessageViewController.xib in Resources */ = {isa = PBXBuildFile; fileRef = 47E9E1061DA15E8000C6B6A6 /* NewMessageViewController.xib */; };
		47E9E10B1DA16AE700C6B6A6 /* UrgentMessageViewController.swift in Sources */ = {isa = PBXBuildFile; fileRef = 47E9E1091DA16AE700C6B6A6 /* UrgentMessageViewController.swift */; };
		47E9E10C1DA16AE700C6B6A6 /* UrgentMessageViewController.xib in Resources */ = {isa = PBXBuildFile; fileRef = 47E9E10A1DA16AE700C6B6A6 /* UrgentMessageViewController.xib */; };
		47E9E10F1DA16AFE00C6B6A6 /* InboxViewController.swift in Sources */ = {isa = PBXBuildFile; fileRef = 47E9E10D1DA16AFE00C6B6A6 /* InboxViewController.swift */; };
		47E9E1101DA16AFE00C6B6A6 /* InboxViewController.xib in Resources */ = {isa = PBXBuildFile; fileRef = 47E9E10E1DA16AFE00C6B6A6 /* InboxViewController.xib */; };
		47E9E1131DA16B0C00C6B6A6 /* OutboxViewController.swift in Sources */ = {isa = PBXBuildFile; fileRef = 47E9E1111DA16B0C00C6B6A6 /* OutboxViewController.swift */; };
		47E9E1141DA16B0C00C6B6A6 /* OutboxViewController.xib in Resources */ = {isa = PBXBuildFile; fileRef = 47E9E1121DA16B0C00C6B6A6 /* OutboxViewController.xib */; };
		47E9E1181DA16E2D00C6B6A6 /* MessageTableViewCell.swift in Sources */ = {isa = PBXBuildFile; fileRef = 47E9E1161DA16E2D00C6B6A6 /* MessageTableViewCell.swift */; };
		47E9E1191DA16E2D00C6B6A6 /* MessageTableViewCell.xib in Resources */ = {isa = PBXBuildFile; fileRef = 47E9E1171DA16E2D00C6B6A6 /* MessageTableViewCell.xib */; };
		47E9E11D1DA170FE00C6B6A6 /* MessageDetailViewController.swift in Sources */ = {isa = PBXBuildFile; fileRef = 47E9E11B1DA170FE00C6B6A6 /* MessageDetailViewController.swift */; };
		47E9E11E1DA170FE00C6B6A6 /* MessageDetailViewController.xib in Resources */ = {isa = PBXBuildFile; fileRef = 47E9E11C1DA170FE00C6B6A6 /* MessageDetailViewController.xib */; };
		47E9E1231DA1721A00C6B6A6 /* InboxMessageTableViewCell.swift in Sources */ = {isa = PBXBuildFile; fileRef = 47E9E1211DA1721A00C6B6A6 /* InboxMessageTableViewCell.swift */; };
		47E9E1241DA1721A00C6B6A6 /* InboxMessageTableViewCell.xib in Resources */ = {isa = PBXBuildFile; fileRef = 47E9E1221DA1721A00C6B6A6 /* InboxMessageTableViewCell.xib */; };
		47EAF6091DA02CA200AFFFEC /* RegisterViewController.swift in Sources */ = {isa = PBXBuildFile; fileRef = 47EAF6071DA02CA200AFFFEC /* RegisterViewController.swift */; };
		47EAF60A1DA02CA200AFFFEC /* RegisterViewController.xib in Resources */ = {isa = PBXBuildFile; fileRef = 47EAF6081DA02CA200AFFFEC /* RegisterViewController.xib */; };
		47EAF60E1DA02D8900AFFFEC /* RegisterCell.swift in Sources */ = {isa = PBXBuildFile; fileRef = 47EAF60C1DA02D8900AFFFEC /* RegisterCell.swift */; };
		47EAF60F1DA02D8900AFFFEC /* RegisterCell.xib in Resources */ = {isa = PBXBuildFile; fileRef = 47EAF60D1DA02D8900AFFFEC /* RegisterCell.xib */; };
		47F096BF1DCF045E0002DF9C /* UrgentMessageDetailViewController.swift in Sources */ = {isa = PBXBuildFile; fileRef = 47F096BD1DCF045E0002DF9C /* UrgentMessageDetailViewController.swift */; };
		47F096C01DCF045E0002DF9C /* UrgentMessageDetailViewController.xib in Resources */ = {isa = PBXBuildFile; fileRef = 47F096BE1DCF045E0002DF9C /* UrgentMessageDetailViewController.xib */; };
		47F316061DA2B02300D740FD /* ShopMenuViewController.swift in Sources */ = {isa = PBXBuildFile; fileRef = 47F316041DA2B02300D740FD /* ShopMenuViewController.swift */; };
		47F316071DA2B02300D740FD /* ShopMenuViewController.xib in Resources */ = {isa = PBXBuildFile; fileRef = 47F316051DA2B02300D740FD /* ShopMenuViewController.xib */; };
		47F3160B1DA2B30A00D740FD /* ShopListItemCell.swift in Sources */ = {isa = PBXBuildFile; fileRef = 47F316091DA2B30A00D740FD /* ShopListItemCell.swift */; };
		47F3160C1DA2B30A00D740FD /* ShopListItemCell.xib in Resources */ = {isa = PBXBuildFile; fileRef = 47F3160A1DA2B30A00D740FD /* ShopListItemCell.xib */; };
		47F3160F1DA2C0F200D740FD /* ShopItemDetailViewController.swift in Sources */ = {isa = PBXBuildFile; fileRef = 47F3160D1DA2C0F100D740FD /* ShopItemDetailViewController.swift */; };
		47F316101DA2C0F200D740FD /* ShopItemDetailViewController.xib in Resources */ = {isa = PBXBuildFile; fileRef = 47F3160E1DA2C0F100D740FD /* ShopItemDetailViewController.xib */; };
		47F316151DA2CC8800D740FD /* AddShopItemViewController.swift in Sources */ = {isa = PBXBuildFile; fileRef = 47F316131DA2CC8800D740FD /* AddShopItemViewController.swift */; };
		47F316161DA2CC8800D740FD /* AddShopItemViewController.xib in Resources */ = {isa = PBXBuildFile; fileRef = 47F316141DA2CC8800D740FD /* AddShopItemViewController.xib */; };
		47F316191DA2E10700D740FD /* TutorialViewController.swift in Sources */ = {isa = PBXBuildFile; fileRef = 47F316171DA2E10700D740FD /* TutorialViewController.swift */; };
		47F3161A1DA2E10700D740FD /* TutorialViewController.xib in Resources */ = {isa = PBXBuildFile; fileRef = 47F316181DA2E10700D740FD /* TutorialViewController.xib */; };
		47F3161F1DA2E5A900D740FD /* TargetCell.swift in Sources */ = {isa = PBXBuildFile; fileRef = 47F3161B1DA2E5A900D740FD /* TargetCell.swift */; };
		47F316201DA2E5A900D740FD /* TargetCell.xib in Resources */ = {isa = PBXBuildFile; fileRef = 47F3161C1DA2E5A900D740FD /* TargetCell.xib */; };
		47F316211DA2E5A900D740FD /* TargetVC.swift in Sources */ = {isa = PBXBuildFile; fileRef = 47F3161D1DA2E5A900D740FD /* TargetVC.swift */; };
		47F316221DA2E5A900D740FD /* TargetVC.xib in Resources */ = {isa = PBXBuildFile; fileRef = 47F3161E1DA2E5A900D740FD /* TargetVC.xib */; };
		47F316261DA2E64800D740FD /* ContactUsVC.swift in Sources */ = {isa = PBXBuildFile; fileRef = 47F316241DA2E64800D740FD /* ContactUsVC.swift */; };
		47F316271DA2E64800D740FD /* ContactUsVC.xib in Resources */ = {isa = PBXBuildFile; fileRef = 47F316251DA2E64800D740FD /* ContactUsVC.xib */; };
		47F3162A1DA2E6CA00D740FD /* SocialMediaVC.swift in Sources */ = {isa = PBXBuildFile; fileRef = 47F316281DA2E6CA00D740FD /* SocialMediaVC.swift */; };
		47F3162B1DA2E6CA00D740FD /* SocialMediaVC.xib in Resources */ = {isa = PBXBuildFile; fileRef = 47F316291DA2E6CA00D740FD /* SocialMediaVC.xib */; };
		47FBF6E81DBCFEF700D93C6D /* ArchiveAttendanceViewController.swift in Sources */ = {isa = PBXBuildFile; fileRef = 47FBF6E61DBCFEF700D93C6D /* ArchiveAttendanceViewController.swift */; };
		47FBF6E91DBCFEF700D93C6D /* ArchiveAttendanceViewController.xib in Resources */ = {isa = PBXBuildFile; fileRef = 47FBF6E71DBCFEF700D93C6D /* ArchiveAttendanceViewController.xib */; };
		54D1B40D4B4A264D5B9DF269 /* Pods_ClubTrackerUITests.framework in Frameworks */ = {isa = PBXBuildFile; fileRef = F7F22AF019E497760B8E5C22 /* Pods_ClubTrackerUITests.framework */; };
		B2F2FAE04C12E51120AD5CF4 /* Pods_ClubTracker.framework in Frameworks */ = {isa = PBXBuildFile; fileRef = 7FF1BCB89C64864D966C0603 /* Pods_ClubTracker.framework */; };
		D9CF17B387F7E90AF4F05C3A /* Pods_ClubTrackerTests.framework in Frameworks */ = {isa = PBXBuildFile; fileRef = EFF0A83065DE49B499CB828D /* Pods_ClubTrackerTests.framework */; };
/* End PBXBuildFile section */

/* Begin PBXContainerItemProxy section */
		479FCA121D9EE025007891E9 /* PBXContainerItemProxy */ = {
			isa = PBXContainerItemProxy;
			containerPortal = 479FC9F51D9EE025007891E9 /* Project object */;
			proxyType = 1;
			remoteGlobalIDString = 479FC9FC1D9EE025007891E9;
			remoteInfo = ClubTracker_New;
		};
		479FCA1D1D9EE025007891E9 /* PBXContainerItemProxy */ = {
			isa = PBXContainerItemProxy;
			containerPortal = 479FC9F51D9EE025007891E9 /* Project object */;
			proxyType = 1;
			remoteGlobalIDString = 479FC9FC1D9EE025007891E9;
			remoteInfo = ClubTracker_New;
		};
/* End PBXContainerItemProxy section */

/* Begin PBXFileReference section */
		4738FA4F1DB7CB9E00F10698 /* WebServiceHelper.swift */ = {isa = PBXFileReference; fileEncoding = 4; lastKnownFileType = sourcecode.swift; path = WebServiceHelper.swift; sourceTree = "<group>"; };
		4738FA521DB7CF2100F10698 /* MBProgressHUD.h */ = {isa = PBXFileReference; fileEncoding = 4; lastKnownFileType = sourcecode.c.h; path = MBProgressHUD.h; sourceTree = "<group>"; };
		4738FA531DB7CF2100F10698 /* MBProgressHUD.m */ = {isa = PBXFileReference; fileEncoding = 4; lastKnownFileType = sourcecode.c.objc; path = MBProgressHUD.m; sourceTree = "<group>"; };
		4738FA581DB7ECC700F10698 /* Details.swift */ = {isa = PBXFileReference; fileEncoding = 4; lastKnownFileType = sourcecode.swift; path = Details.swift; sourceTree = "<group>"; };
		476FEEDE1D9FB3BD00EEC5D4 /* TeacherMenuViewController.swift */ = {isa = PBXFileReference; fileEncoding = 4; lastKnownFileType = sourcecode.swift; path = TeacherMenuViewController.swift; sourceTree = "<group>"; };
		476FEEDF1D9FB3BD00EEC5D4 /* TeacherMenuViewController.xib */ = {isa = PBXFileReference; fileEncoding = 4; lastKnownFileType = file.xib; path = TeacherMenuViewController.xib; sourceTree = "<group>"; };
		476FEEE71D9FCCB600EEC5D4 /* TeacherMenuItemCell.swift */ = {isa = PBXFileReference; fileEncoding = 4; lastKnownFileType = sourcecode.swift; path = TeacherMenuItemCell.swift; sourceTree = "<group>"; };
		476FEEE81D9FCCB600EEC5D4 /* TeacherMenuItemCell.xib */ = {isa = PBXFileReference; fileEncoding = 4; lastKnownFileType = file.xib; path = TeacherMenuItemCell.xib; sourceTree = "<group>"; };
		476FEEEB1D9FCF6E00EEC5D4 /* TabBarController.swift */ = {isa = PBXFileReference; fileEncoding = 4; lastKnownFileType = sourcecode.swift; path = TabBarController.swift; sourceTree = "<group>"; };
		476FEEEC1D9FCF6E00EEC5D4 /* TabBar.xib */ = {isa = PBXFileReference; fileEncoding = 4; lastKnownFileType = file.xib; path = TabBar.xib; sourceTree = "<group>"; };
		476FEEED1D9FCF6E00EEC5D4 /* TabBarCollectionViewCell.swift */ = {isa = PBXFileReference; fileEncoding = 4; lastKnownFileType = sourcecode.swift; path = TabBarCollectionViewCell.swift; sourceTree = "<group>"; };
		476FEEEE1D9FCF6E00EEC5D4 /* TabBarItem.xib */ = {isa = PBXFileReference; fileEncoding = 4; lastKnownFileType = file.xib; path = TabBarItem.xib; sourceTree = "<group>"; };
		476FEF001D9FDE6700EEC5D4 /* FAQVC.swift */ = {isa = PBXFileReference; fileEncoding = 4; lastKnownFileType = sourcecode.swift; path = FAQVC.swift; sourceTree = "<group>"; };
		476FEF011D9FDE6700EEC5D4 /* FAQVC.xib */ = {isa = PBXFileReference; fileEncoding = 4; lastKnownFileType = file.xib; path = FAQVC.xib; sourceTree = "<group>"; };
		476FEF021D9FDE6700EEC5D4 /* HelpVC.swift */ = {isa = PBXFileReference; fileEncoding = 4; lastKnownFileType = sourcecode.swift; path = HelpVC.swift; sourceTree = "<group>"; };
		476FEF031D9FDE6700EEC5D4 /* HelpVC.xib */ = {isa = PBXFileReference; fileEncoding = 4; lastKnownFileType = file.xib; path = HelpVC.xib; sourceTree = "<group>"; };
		479004B21DD8115E0086502B /* ResponseMessageViewController.swift */ = {isa = PBXFileReference; fileEncoding = 4; lastKnownFileType = sourcecode.swift; path = ResponseMessageViewController.swift; sourceTree = "<group>"; };
		479004B31DD8115E0086502B /* ResponseMessageViewController.xib */ = {isa = PBXFileReference; fileEncoding = 4; lastKnownFileType = file.xib; path = ResponseMessageViewController.xib; sourceTree = "<group>"; };
		479FC9FD1D9EE025007891E9 /* ClubTracker.app */ = {isa = PBXFileReference; explicitFileType = wrapper.application; includeInIndex = 0; path = ClubTracker.app; sourceTree = BUILT_PRODUCTS_DIR; };
		479FCA001D9EE025007891E9 /* AppDelegate.swift */ = {isa = PBXFileReference; lastKnownFileType = sourcecode.swift; path = AppDelegate.swift; sourceTree = "<group>"; };
		479FCA071D9EE025007891E9 /* Assets.xcassets */ = {isa = PBXFileReference; lastKnownFileType = folder.assetcatalog; path = Assets.xcassets; sourceTree = "<group>"; };
		479FCA0A1D9EE025007891E9 /* Base */ = {isa = PBXFileReference; lastKnownFileType = file.storyboard; name = Base; path = Base.lproj/LaunchScreen.storyboard; sourceTree = "<group>"; };
		479FCA0C1D9EE025007891E9 /* Info.plist */ = {isa = PBXFileReference; lastKnownFileType = text.plist.xml; path = Info.plist; sourceTree = "<group>"; };
		479FCA111D9EE025007891E9 /* ClubTracker.xctest */ = {isa = PBXFileReference; explicitFileType = wrapper.cfbundle; includeInIndex = 0; path = ClubTracker.xctest; sourceTree = BUILT_PRODUCTS_DIR; };
		479FCA151D9EE025007891E9 /* ClubTracker_NewTests.swift */ = {isa = PBXFileReference; lastKnownFileType = sourcecode.swift; path = ClubTracker_NewTests.swift; sourceTree = "<group>"; };
		479FCA171D9EE025007891E9 /* Info.plist */ = {isa = PBXFileReference; lastKnownFileType = text.plist.xml; path = Info.plist; sourceTree = "<group>"; };
		479FCA1C1D9EE025007891E9 /* ClubTracker.xctest */ = {isa = PBXFileReference; explicitFileType = wrapper.cfbundle; includeInIndex = 0; path = ClubTracker.xctest; sourceTree = BUILT_PRODUCTS_DIR; };
		479FCA201D9EE025007891E9 /* ClubTracker_NewUITests.swift */ = {isa = PBXFileReference; lastKnownFileType = sourcecode.swift; path = ClubTracker_NewUITests.swift; sourceTree = "<group>"; };
		479FCA221D9EE025007891E9 /* Info.plist */ = {isa = PBXFileReference; lastKnownFileType = text.plist.xml; path = Info.plist; sourceTree = "<group>"; };
		479FCA2F1D9EE2F0007891E9 /* ClubTracker-Bridging-Header.h */ = {isa = PBXFileReference; lastKnownFileType = sourcecode.c.h; path = "ClubTracker-Bridging-Header.h"; sourceTree = "<group>"; };
		479FCA301D9EE2F1007891E9 /* TPKeyboardAvoidingCollectionView.h */ = {isa = PBXFileReference; fileEncoding = 4; lastKnownFileType = sourcecode.c.h; path = TPKeyboardAvoidingCollectionView.h; sourceTree = "<group>"; };
		479FCA311D9EE2F1007891E9 /* TPKeyboardAvoidingCollectionView.m */ = {isa = PBXFileReference; fileEncoding = 4; lastKnownFileType = sourcecode.c.objc; path = TPKeyboardAvoidingCollectionView.m; sourceTree = "<group>"; };
		479FCA321D9EE2F1007891E9 /* TPKeyboardAvoidingScrollView.h */ = {isa = PBXFileReference; fileEncoding = 4; lastKnownFileType = sourcecode.c.h; path = TPKeyboardAvoidingScrollView.h; sourceTree = "<group>"; };
		479FCA331D9EE2F1007891E9 /* TPKeyboardAvoidingScrollView.m */ = {isa = PBXFileReference; fileEncoding = 4; lastKnownFileType = sourcecode.c.objc; path = TPKeyboardAvoidingScrollView.m; sourceTree = "<group>"; };
		479FCA341D9EE2F1007891E9 /* TPKeyboardAvoidingTableView.h */ = {isa = PBXFileReference; fileEncoding = 4; lastKnownFileType = sourcecode.c.h; path = TPKeyboardAvoidingTableView.h; sourceTree = "<group>"; };
		479FCA351D9EE2F1007891E9 /* TPKeyboardAvoidingTableView.m */ = {isa = PBXFileReference; fileEncoding = 4; lastKnownFileType = sourcecode.c.objc; path = TPKeyboardAvoidingTableView.m; sourceTree = "<group>"; };
		479FCA361D9EE2F1007891E9 /* UIScrollView+TPKeyboardAvoidingAdditions.h */ = {isa = PBXFileReference; fileEncoding = 4; lastKnownFileType = sourcecode.c.h; path = "UIScrollView+TPKeyboardAvoidingAdditions.h"; sourceTree = "<group>"; };
		479FCA371D9EE2F1007891E9 /* UIScrollView+TPKeyboardAvoidingAdditions.m */ = {isa = PBXFileReference; fileEncoding = 4; lastKnownFileType = sourcecode.c.objc; path = "UIScrollView+TPKeyboardAvoidingAdditions.m"; sourceTree = "<group>"; };
		479FCA401D9EE37E007891E9 /* AutoComplete.swift */ = {isa = PBXFileReference; fileEncoding = 4; lastKnownFileType = sourcecode.swift; path = AutoComplete.swift; sourceTree = "<group>"; };
		479FCA421D9EE37E007891E9 /* Helper.swift */ = {isa = PBXFileReference; fileEncoding = 4; lastKnownFileType = sourcecode.swift; path = Helper.swift; sourceTree = "<group>"; };
		479FCA471D9EE3B4007891E9 /* AutoCompleteCell.swift */ = {isa = PBXFileReference; fileEncoding = 4; lastKnownFileType = sourcecode.swift; path = AutoCompleteCell.swift; sourceTree = "<group>"; };
		479FCA481D9EE3B4007891E9 /* AutoCompleteCell.xib */ = {isa = PBXFileReference; fileEncoding = 4; lastKnownFileType = file.xib; path = AutoCompleteCell.xib; sourceTree = "<group>"; };
		479FCA491D9EE3B4007891E9 /* FAQCell.swift */ = {isa = PBXFileReference; fileEncoding = 4; lastKnownFileType = sourcecode.swift; path = FAQCell.swift; sourceTree = "<group>"; };
		479FCA4A1D9EE3B4007891E9 /* FAQCell.xib */ = {isa = PBXFileReference; fileEncoding = 4; lastKnownFileType = file.xib; path = FAQCell.xib; sourceTree = "<group>"; };
		479FCA6A1D9EE5B0007891E9 /* LoginViewController.swift */ = {isa = PBXFileReference; fileEncoding = 4; lastKnownFileType = sourcecode.swift; path = LoginViewController.swift; sourceTree = "<group>"; };
		479FCA6B1D9EE5B0007891E9 /* LoginViewController.xib */ = {isa = PBXFileReference; fileEncoding = 4; lastKnownFileType = file.xib; path = LoginViewController.xib; sourceTree = "<group>"; };
		479FCA6F1D9EECEE007891E9 /* Montserrat-Bold.ttf */ = {isa = PBXFileReference; lastKnownFileType = file; path = "Montserrat-Bold.ttf"; sourceTree = "<group>"; };
		479FCA701D9EECEE007891E9 /* Montserrat-Regular.ttf */ = {isa = PBXFileReference; lastKnownFileType = file; path = "Montserrat-Regular.ttf"; sourceTree = "<group>"; };
		479FCA731D9EF104007891E9 /* Constants.swift */ = {isa = PBXFileReference; fileEncoding = 4; lastKnownFileType = sourcecode.swift; path = Constants.swift; sourceTree = "<group>"; };
		479FCA751D9EF445007891E9 /* SelectClassViewController.swift */ = {isa = PBXFileReference; fileEncoding = 4; lastKnownFileType = sourcecode.swift; path = SelectClassViewController.swift; sourceTree = "<group>"; };
		479FCA761D9EF445007891E9 /* SelectClassViewController.xib */ = {isa = PBXFileReference; fileEncoding = 4; lastKnownFileType = file.xib; path = SelectClassViewController.xib; sourceTree = "<group>"; };
		47E9849F1DA0F624003DC18C /* MessageMenuViewController.swift */ = {isa = PBXFileReference; fileEncoding = 4; lastKnownFileType = sourcecode.swift; path = MessageMenuViewController.swift; sourceTree = "<group>"; };
		47E984A01DA0F624003DC18C /* MessageMenuViewController.xib */ = {isa = PBXFileReference; fileEncoding = 4; lastKnownFileType = file.xib; path = MessageMenuViewController.xib; sourceTree = "<group>"; };
		47E9E1051DA15E8000C6B6A6 /* NewMessageViewController.swift */ = {isa = PBXFileReference; fileEncoding = 4; lastKnownFileType = sourcecode.swift; path = NewMessageViewController.swift; sourceTree = "<group>"; };
		47E9E1061DA15E8000C6B6A6 /* NewMessageViewController.xib */ = {isa = PBXFileReference; fileEncoding = 4; lastKnownFileType = file.xib; path = NewMessageViewController.xib; sourceTree = "<group>"; };
		47E9E1091DA16AE700C6B6A6 /* UrgentMessageViewController.swift */ = {isa = PBXFileReference; fileEncoding = 4; lastKnownFileType = sourcecode.swift; path = UrgentMessageViewController.swift; sourceTree = "<group>"; };
		47E9E10A1DA16AE700C6B6A6 /* UrgentMessageViewController.xib */ = {isa = PBXFileReference; fileEncoding = 4; lastKnownFileType = file.xib; path = UrgentMessageViewController.xib; sourceTree = "<group>"; };
		47E9E10D1DA16AFE00C6B6A6 /* InboxViewController.swift */ = {isa = PBXFileReference; fileEncoding = 4; lastKnownFileType = sourcecode.swift; path = InboxViewController.swift; sourceTree = "<group>"; };
		47E9E10E1DA16AFE00C6B6A6 /* InboxViewController.xib */ = {isa = PBXFileReference; fileEncoding = 4; lastKnownFileType = file.xib; path = InboxViewController.xib; sourceTree = "<group>"; };
		47E9E1111DA16B0C00C6B6A6 /* OutboxViewController.swift */ = {isa = PBXFileReference; fileEncoding = 4; lastKnownFileType = sourcecode.swift; path = OutboxViewController.swift; sourceTree = "<group>"; };
		47E9E1121DA16B0C00C6B6A6 /* OutboxViewController.xib */ = {isa = PBXFileReference; fileEncoding = 4; lastKnownFileType = file.xib; path = OutboxViewController.xib; sourceTree = "<group>"; };
		47E9E1161DA16E2D00C6B6A6 /* MessageTableViewCell.swift */ = {isa = PBXFileReference; fileEncoding = 4; lastKnownFileType = sourcecode.swift; path = MessageTableViewCell.swift; sourceTree = "<group>"; };
		47E9E1171DA16E2D00C6B6A6 /* MessageTableViewCell.xib */ = {isa = PBXFileReference; fileEncoding = 4; lastKnownFileType = file.xib; path = MessageTableViewCell.xib; sourceTree = "<group>"; };
		47E9E11B1DA170FE00C6B6A6 /* MessageDetailViewController.swift */ = {isa = PBXFileReference; fileEncoding = 4; lastKnownFileType = sourcecode.swift; path = MessageDetailViewController.swift; sourceTree = "<group>"; };
		47E9E11C1DA170FE00C6B6A6 /* MessageDetailViewController.xib */ = {isa = PBXFileReference; fileEncoding = 4; lastKnownFileType = file.xib; path = MessageDetailViewController.xib; sourceTree = "<group>"; };
		47E9E1211DA1721A00C6B6A6 /* InboxMessageTableViewCell.swift */ = {isa = PBXFileReference; fileEncoding = 4; lastKnownFileType = sourcecode.swift; path = InboxMessageTableViewCell.swift; sourceTree = "<group>"; };
		47E9E1221DA1721A00C6B6A6 /* InboxMessageTableViewCell.xib */ = {isa = PBXFileReference; fileEncoding = 4; lastKnownFileType = file.xib; path = InboxMessageTableViewCell.xib; sourceTree = "<group>"; };
		47EAF6071DA02CA200AFFFEC /* RegisterViewController.swift */ = {isa = PBXFileReference; fileEncoding = 4; lastKnownFileType = sourcecode.swift; path = RegisterViewController.swift; sourceTree = "<group>"; };
		47EAF6081DA02CA200AFFFEC /* RegisterViewController.xib */ = {isa = PBXFileReference; fileEncoding = 4; lastKnownFileType = file.xib; path = RegisterViewController.xib; sourceTree = "<group>"; };
		47EAF60C1DA02D8900AFFFEC /* RegisterCell.swift */ = {isa = PBXFileReference; fileEncoding = 4; lastKnownFileType = sourcecode.swift; path = RegisterCell.swift; sourceTree = "<group>"; };
		47EAF60D1DA02D8900AFFFEC /* RegisterCell.xib */ = {isa = PBXFileReference; fileEncoding = 4; lastKnownFileType = file.xib; path = RegisterCell.xib; sourceTree = "<group>"; };
		47F096BD1DCF045E0002DF9C /* UrgentMessageDetailViewController.swift */ = {isa = PBXFileReference; fileEncoding = 4; lastKnownFileType = sourcecode.swift; path = UrgentMessageDetailViewController.swift; sourceTree = "<group>"; };
		47F096BE1DCF045E0002DF9C /* UrgentMessageDetailViewController.xib */ = {isa = PBXFileReference; fileEncoding = 4; lastKnownFileType = file.xib; path = UrgentMessageDetailViewController.xib; sourceTree = "<group>"; };
		47F316041DA2B02300D740FD /* ShopMenuViewController.swift */ = {isa = PBXFileReference; fileEncoding = 4; lastKnownFileType = sourcecode.swift; path = ShopMenuViewController.swift; sourceTree = "<group>"; };
		47F316051DA2B02300D740FD /* ShopMenuViewController.xib */ = {isa = PBXFileReference; fileEncoding = 4; lastKnownFileType = file.xib; path = ShopMenuViewController.xib; sourceTree = "<group>"; };
		47F316091DA2B30A00D740FD /* ShopListItemCell.swift */ = {isa = PBXFileReference; fileEncoding = 4; lastKnownFileType = sourcecode.swift; path = ShopListItemCell.swift; sourceTree = "<group>"; };
		47F3160A1DA2B30A00D740FD /* ShopListItemCell.xib */ = {isa = PBXFileReference; fileEncoding = 4; lastKnownFileType = file.xib; path = ShopListItemCell.xib; sourceTree = "<group>"; };
		47F3160D1DA2C0F100D740FD /* ShopItemDetailViewController.swift */ = {isa = PBXFileReference; fileEncoding = 4; lastKnownFileType = sourcecode.swift; path = ShopItemDetailViewController.swift; sourceTree = "<group>"; };
		47F3160E1DA2C0F100D740FD /* ShopItemDetailViewController.xib */ = {isa = PBXFileReference; fileEncoding = 4; lastKnownFileType = file.xib; path = ShopItemDetailViewController.xib; sourceTree = "<group>"; };
		47F316131DA2CC8800D740FD /* AddShopItemViewController.swift */ = {isa = PBXFileReference; fileEncoding = 4; lastKnownFileType = sourcecode.swift; path = AddShopItemViewController.swift; sourceTree = "<group>"; };
		47F316141DA2CC8800D740FD /* AddShopItemViewController.xib */ = {isa = PBXFileReference; fileEncoding = 4; lastKnownFileType = file.xib; path = AddShopItemViewController.xib; sourceTree = "<group>"; };
		47F316171DA2E10700D740FD /* TutorialViewController.swift */ = {isa = PBXFileReference; fileEncoding = 4; lastKnownFileType = sourcecode.swift; path = TutorialViewController.swift; sourceTree = "<group>"; };
		47F316181DA2E10700D740FD /* TutorialViewController.xib */ = {isa = PBXFileReference; fileEncoding = 4; lastKnownFileType = file.xib; path = TutorialViewController.xib; sourceTree = "<group>"; };
		47F3161B1DA2E5A900D740FD /* TargetCell.swift */ = {isa = PBXFileReference; fileEncoding = 4; lastKnownFileType = sourcecode.swift; path = TargetCell.swift; sourceTree = "<group>"; };
		47F3161C1DA2E5A900D740FD /* TargetCell.xib */ = {isa = PBXFileReference; fileEncoding = 4; lastKnownFileType = file.xib; path = TargetCell.xib; sourceTree = "<group>"; };
		47F3161D1DA2E5A900D740FD /* TargetVC.swift */ = {isa = PBXFileReference; fileEncoding = 4; lastKnownFileType = sourcecode.swift; path = TargetVC.swift; sourceTree = "<group>"; };
		47F3161E1DA2E5A900D740FD /* TargetVC.xib */ = {isa = PBXFileReference; fileEncoding = 4; lastKnownFileType = file.xib; path = TargetVC.xib; sourceTree = "<group>"; };
		47F316241DA2E64800D740FD /* ContactUsVC.swift */ = {isa = PBXFileReference; fileEncoding = 4; lastKnownFileType = sourcecode.swift; path = ContactUsVC.swift; sourceTree = "<group>"; };
		47F316251DA2E64800D740FD /* ContactUsVC.xib */ = {isa = PBXFileReference; fileEncoding = 4; lastKnownFileType = file.xib; path = ContactUsVC.xib; sourceTree = "<group>"; };
		47F316281DA2E6CA00D740FD /* SocialMediaVC.swift */ = {isa = PBXFileReference; fileEncoding = 4; lastKnownFileType = sourcecode.swift; path = SocialMediaVC.swift; sourceTree = "<group>"; };
		47F316291DA2E6CA00D740FD /* SocialMediaVC.xib */ = {isa = PBXFileReference; fileEncoding = 4; lastKnownFileType = file.xib; path = SocialMediaVC.xib; sourceTree = "<group>"; };
		47FBF6E61DBCFEF700D93C6D /* ArchiveAttendanceViewController.swift */ = {isa = PBXFileReference; fileEncoding = 4; lastKnownFileType = sourcecode.swift; path = ArchiveAttendanceViewController.swift; sourceTree = "<group>"; };
		47FBF6E71DBCFEF700D93C6D /* ArchiveAttendanceViewController.xib */ = {isa = PBXFileReference; fileEncoding = 4; lastKnownFileType = file.xib; path = ArchiveAttendanceViewController.xib; sourceTree = "<group>"; };
		5A6FC3C36ABB2A07E0D374FA /* Pods-ClubTrackerUITests.debug.xcconfig */ = {isa = PBXFileReference; includeInIndex = 1; lastKnownFileType = text.xcconfig; name = "Pods-ClubTrackerUITests.debug.xcconfig"; path = "Pods/Target Support Files/Pods-ClubTrackerUITests/Pods-ClubTrackerUITests.debug.xcconfig"; sourceTree = "<group>"; };
		7FF1BCB89C64864D966C0603 /* Pods_ClubTracker.framework */ = {isa = PBXFileReference; explicitFileType = wrapper.framework; includeInIndex = 0; path = Pods_ClubTracker.framework; sourceTree = BUILT_PRODUCTS_DIR; };
		80AED099B12E67F2DB6E0CCA /* Pods-ClubTracker.debug.xcconfig */ = {isa = PBXFileReference; includeInIndex = 1; lastKnownFileType = text.xcconfig; name = "Pods-ClubTracker.debug.xcconfig"; path = "Pods/Target Support Files/Pods-ClubTracker/Pods-ClubTracker.debug.xcconfig"; sourceTree = "<group>"; };
		94862218F74BB116541E2D72 /* Pods-ClubTrackerUITests.release.xcconfig */ = {isa = PBXFileReference; includeInIndex = 1; lastKnownFileType = text.xcconfig; name = "Pods-ClubTrackerUITests.release.xcconfig"; path = "Pods/Target Support Files/Pods-ClubTrackerUITests/Pods-ClubTrackerUITests.release.xcconfig"; sourceTree = "<group>"; };
		A5B0B5F3FA55A1260972392D /* Pods-ClubTrackerTests.debug.xcconfig */ = {isa = PBXFileReference; includeInIndex = 1; lastKnownFileType = text.xcconfig; name = "Pods-ClubTrackerTests.debug.xcconfig"; path = "Pods/Target Support Files/Pods-ClubTrackerTests/Pods-ClubTrackerTests.debug.xcconfig"; sourceTree = "<group>"; };
		C6D797BF6B4D3C83D32D4FF4 /* Pods-ClubTrackerTests.release.xcconfig */ = {isa = PBXFileReference; includeInIndex = 1; lastKnownFileType = text.xcconfig; name = "Pods-ClubTrackerTests.release.xcconfig"; path = "Pods/Target Support Files/Pods-ClubTrackerTests/Pods-ClubTrackerTests.release.xcconfig"; sourceTree = "<group>"; };
		EA4591030FC68917FC228F68 /* Pods-ClubTracker.release.xcconfig */ = {isa = PBXFileReference; includeInIndex = 1; lastKnownFileType = text.xcconfig; name = "Pods-ClubTracker.release.xcconfig"; path = "Pods/Target Support Files/Pods-ClubTracker/Pods-ClubTracker.release.xcconfig"; sourceTree = "<group>"; };
		EFF0A83065DE49B499CB828D /* Pods_ClubTrackerTests.framework */ = {isa = PBXFileReference; explicitFileType = wrapper.framework; includeInIndex = 0; path = Pods_ClubTrackerTests.framework; sourceTree = BUILT_PRODUCTS_DIR; };
		F7F22AF019E497760B8E5C22 /* Pods_ClubTrackerUITests.framework */ = {isa = PBXFileReference; explicitFileType = wrapper.framework; includeInIndex = 0; path = Pods_ClubTrackerUITests.framework; sourceTree = BUILT_PRODUCTS_DIR; };
/* End PBXFileReference section */

/* Begin PBXFrameworksBuildPhase section */
		479FC9FA1D9EE025007891E9 /* Frameworks */ = {
			isa = PBXFrameworksBuildPhase;
			buildActionMask = 2147483647;
			files = (
				B2F2FAE04C12E51120AD5CF4 /* Pods_ClubTracker.framework in Frameworks */,
			);
			runOnlyForDeploymentPostprocessing = 0;
		};
		479FCA0E1D9EE025007891E9 /* Frameworks */ = {
			isa = PBXFrameworksBuildPhase;
			buildActionMask = 2147483647;
			files = (
				D9CF17B387F7E90AF4F05C3A /* Pods_ClubTrackerTests.framework in Frameworks */,
			);
			runOnlyForDeploymentPostprocessing = 0;
		};
		479FCA191D9EE025007891E9 /* Frameworks */ = {
			isa = PBXFrameworksBuildPhase;
			buildActionMask = 2147483647;
			files = (
				54D1B40D4B4A264D5B9DF269 /* Pods_ClubTrackerUITests.framework in Frameworks */,
			);
			runOnlyForDeploymentPostprocessing = 0;
		};
/* End PBXFrameworksBuildPhase section */

/* Begin PBXGroup section */
		4738FA511DB7CF0700F10698 /* MBProgressHUD */ = {
			isa = PBXGroup;
			children = (
				4738FA521DB7CF2100F10698 /* MBProgressHUD.h */,
				4738FA531DB7CF2100F10698 /* MBProgressHUD.m */,
			);
			name = MBProgressHUD;
			sourceTree = "<group>";
		};
		4738FA551DB7E41200F10698 /* Model */ = {
			isa = PBXGroup;
			children = (
				4738FA581DB7ECC700F10698 /* Details.swift */,
			);
			name = Model;
			sourceTree = "<group>";
		};
		476FEEE61D9FB7CC00EEC5D4 /* Menu Item Cell */ = {
			isa = PBXGroup;
			children = (
				476FEEE71D9FCCB600EEC5D4 /* TeacherMenuItemCell.swift */,
				476FEEE81D9FCCB600EEC5D4 /* TeacherMenuItemCell.xib */,
			);
			name = "Menu Item Cell";
			sourceTree = "<group>";
		};
		476FEEF31D9FCF7800EEC5D4 /* Tab Bar View */ = {
			isa = PBXGroup;
			children = (
				476FEEEB1D9FCF6E00EEC5D4 /* TabBarController.swift */,
				476FEEEC1D9FCF6E00EEC5D4 /* TabBar.xib */,
				476FEEED1D9FCF6E00EEC5D4 /* TabBarCollectionViewCell.swift */,
				476FEEEE1D9FCF6E00EEC5D4 /* TabBarItem.xib */,
			);
			name = "Tab Bar View";
			sourceTree = "<group>";
		};
		479004B61DD811630086502B /* Response */ = {
			isa = PBXGroup;
			children = (
				479004B21DD8115E0086502B /* ResponseMessageViewController.swift */,
				479004B31DD8115E0086502B /* ResponseMessageViewController.xib */,
			);
			name = Response;
			sourceTree = "<group>";
		};
		479FC9F41D9EE025007891E9 = {
			isa = PBXGroup;
			children = (
				479FC9FF1D9EE025007891E9 /* ClubTracker */,
				479FCA141D9EE025007891E9 /* ClubTracker_NewTests */,
				479FCA1F1D9EE025007891E9 /* ClubTracker_NewUITests */,
				479FC9FE1D9EE025007891E9 /* Products */,
				4AC11EDB908F7370DC1A8540 /* Pods */,
				D9B58A2527A089ECE060DED3 /* Frameworks */,
			);
			sourceTree = "<group>";
		};
		479FC9FE1D9EE025007891E9 /* Products */ = {
			isa = PBXGroup;
			children = (
				479FC9FD1D9EE025007891E9 /* ClubTracker.app */,
				479FCA111D9EE025007891E9 /* ClubTracker.xctest */,
				479FCA1C1D9EE025007891E9 /* ClubTracker.xctest */,
			);
			name = Products;
			sourceTree = "<group>";
		};
		479FC9FF1D9EE025007891E9 /* ClubTracker */ = {
			isa = PBXGroup;
			children = (
				479FCA001D9EE025007891E9 /* AppDelegate.swift */,
				479FCA461D9EE3A1007891E9 /* Custom Cell */,
				4738FA551DB7E41200F10698 /* Model */,
				479FCA3F1D9EE36D007891E9 /* Helper */,
				479FCA2E1D9EE196007891E9 /* Library */,
				479FCA581D9EE400007891E9 /* Controllers */,
				479FCA571D9EE3F4007891E9 /* Resources */,
			);
			name = ClubTracker;
			path = ClubTracker_New;
			sourceTree = "<group>";
		};
		479FCA141D9EE025007891E9 /* ClubTracker_NewTests */ = {
			isa = PBXGroup;
			children = (
				479FCA151D9EE025007891E9 /* ClubTracker_NewTests.swift */,
				479FCA171D9EE025007891E9 /* Info.plist */,
			);
			path = ClubTracker_NewTests;
			sourceTree = "<group>";
		};
		479FCA1F1D9EE025007891E9 /* ClubTracker_NewUITests */ = {
			isa = PBXGroup;
			children = (
				479FCA201D9EE025007891E9 /* ClubTracker_NewUITests.swift */,
				479FCA221D9EE025007891E9 /* Info.plist */,
			);
			path = ClubTracker_NewUITests;
			sourceTree = "<group>";
		};
		479FCA2E1D9EE196007891E9 /* Library */ = {
			isa = PBXGroup;
			children = (
				4738FA511DB7CF0700F10698 /* MBProgressHUD */,
				479FCA3E1D9EE342007891E9 /* Keyboard Avoiding */,
				479FCA2F1D9EE2F0007891E9 /* ClubTracker-Bridging-Header.h */,
			);
			name = Library;
			sourceTree = "<group>";
		};
		479FCA3E1D9EE342007891E9 /* Keyboard Avoiding */ = {
			isa = PBXGroup;
			children = (
				479FCA301D9EE2F1007891E9 /* TPKeyboardAvoidingCollectionView.h */,
				479FCA311D9EE2F1007891E9 /* TPKeyboardAvoidingCollectionView.m */,
				479FCA321D9EE2F1007891E9 /* TPKeyboardAvoidingScrollView.h */,
				479FCA331D9EE2F1007891E9 /* TPKeyboardAvoidingScrollView.m */,
				479FCA341D9EE2F1007891E9 /* TPKeyboardAvoidingTableView.h */,
				479FCA351D9EE2F1007891E9 /* TPKeyboardAvoidingTableView.m */,
				479FCA361D9EE2F1007891E9 /* UIScrollView+TPKeyboardAvoidingAdditions.h */,
				479FCA371D9EE2F1007891E9 /* UIScrollView+TPKeyboardAvoidingAdditions.m */,
			);
			name = "Keyboard Avoiding";
			sourceTree = "<group>";
		};
		479FCA3F1D9EE36D007891E9 /* Helper */ = {
			isa = PBXGroup;
			children = (
				479FCA401D9EE37E007891E9 /* AutoComplete.swift */,
				479FCA731D9EF104007891E9 /* Constants.swift */,
				479FCA421D9EE37E007891E9 /* Helper.swift */,
				4738FA4F1DB7CB9E00F10698 /* WebServiceHelper.swift */,
			);
			name = Helper;
			sourceTree = "<group>";
		};
		479FCA461D9EE3A1007891E9 /* Custom Cell */ = {
			isa = PBXGroup;
			children = (
				479FCA531D9EE3BA007891E9 /* AutoComplete */,
				479FCA541D9EE3C4007891E9 /* FAQ */,
			);
			name = "Custom Cell";
			sourceTree = "<group>";
		};
		479FCA531D9EE3BA007891E9 /* AutoComplete */ = {
			isa = PBXGroup;
			children = (
				479FCA471D9EE3B4007891E9 /* AutoCompleteCell.swift */,
				479FCA481D9EE3B4007891E9 /* AutoCompleteCell.xib */,
			);
			name = AutoComplete;
			sourceTree = "<group>";
		};
		479FCA541D9EE3C4007891E9 /* FAQ */ = {
			isa = PBXGroup;
			children = (
				479FCA491D9EE3B4007891E9 /* FAQCell.swift */,
				479FCA4A1D9EE3B4007891E9 /* FAQCell.xib */,
			);
			name = FAQ;
			sourceTree = "<group>";
		};
		479FCA571D9EE3F4007891E9 /* Resources */ = {
			isa = PBXGroup;
			children = (
				479FCA6E1D9EECC9007891E9 /* Fonts */,
				479FCA071D9EE025007891E9 /* Assets.xcassets */,
				479FCA091D9EE025007891E9 /* LaunchScreen.storyboard */,
				479FCA0C1D9EE025007891E9 /* Info.plist */,
			);
			name = Resources;
			sourceTree = "<group>";
		};
		479FCA581D9EE400007891E9 /* Controllers */ = {
			isa = PBXGroup;
			children = (
				479FCA591D9EE412007891E9 /* Login */,
				479FCA5A1D9EE41A007891E9 /* Select Class */,
				479FCA5B1D9EE423007891E9 /* Menu */,
				479FCA661D9EE4CD007891E9 /* Tab Bar */,
			);
			name = Controllers;
			sourceTree = "<group>";
		};
		479FCA591D9EE412007891E9 /* Login */ = {
			isa = PBXGroup;
			children = (
				479FCA6A1D9EE5B0007891E9 /* LoginViewController.swift */,
				479FCA6B1D9EE5B0007891E9 /* LoginViewController.xib */,
			);
			name = Login;
			sourceTree = "<group>";
		};
		479FCA5A1D9EE41A007891E9 /* Select Class */ = {
			isa = PBXGroup;
			children = (
				479FCA751D9EF445007891E9 /* SelectClassViewController.swift */,
				479FCA761D9EF445007891E9 /* SelectClassViewController.xib */,
			);
			name = "Select Class";
			sourceTree = "<group>";
		};
		479FCA5B1D9EE423007891E9 /* Menu */ = {
			isa = PBXGroup;
			children = (
				479FCA651D9EE4BD007891E9 /* Contact Us */,
				479FCA641D9EE4B2007891E9 /* Social Media */,
				479FCA631D9EE4A5007891E9 /* Shop */,
				479FCA621D9EE499007891E9 /* Targets */,
				479FCA611D9EE491007891E9 /* Camera */,
				479FCA601D9EE484007891E9 /* Diary */,
				479FCA5F1D9EE47A007891E9 /* Chat */,
				479FCA5E1D9EE460007891E9 /* Message */,
				479FCA5D1D9EE440007891E9 /* Register */,
				479004B61DD811630086502B /* Response */,
			);
			name = Menu;
			sourceTree = "<group>";
		};
		479FCA5C1D9EE430007891E9 /* Home */ = {
			isa = PBXGroup;
			children = (
				476FEEE61D9FB7CC00EEC5D4 /* Menu Item Cell */,
				476FEEDE1D9FB3BD00EEC5D4 /* TeacherMenuViewController.swift */,
				476FEEDF1D9FB3BD00EEC5D4 /* TeacherMenuViewController.xib */,
			);
			name = Home;
			sourceTree = "<group>";
		};
		479FCA5D1D9EE440007891E9 /* Register */ = {
			isa = PBXGroup;
			children = (
				47EAF60B1DA02D5300AFFFEC /* Register Cell */,
				47EAF6071DA02CA200AFFFEC /* RegisterViewController.swift */,
				47EAF6081DA02CA200AFFFEC /* RegisterViewController.xib */,
				47FBF6EA1DBCFEFB00D93C6D /* Archive */,
			);
			name = Register;
			sourceTree = "<group>";
		};
		479FCA5E1D9EE460007891E9 /* Message */ = {
			isa = PBXGroup;
			children = (
				47E9E11A1DA170E600C6B6A6 /* Message Detail */,
				47E9E1151DA16DFC00C6B6A6 /* Custom Cell */,
				47E9E1041DA15E6E00C6B6A6 /* Outbox */,
				47E9E1031DA15E6600C6B6A6 /* Inbox */,
				47E9E1021DA15E6000C6B6A6 /* Urgent */,
				47E9E1011DA15E5900C6B6A6 /* New */,
				47E9849F1DA0F624003DC18C /* MessageMenuViewController.swift */,
				47E984A01DA0F624003DC18C /* MessageMenuViewController.xib */,
			);
			name = Message;
			sourceTree = "<group>";
		};
		479FCA5F1D9EE47A007891E9 /* Chat */ = {
			isa = PBXGroup;
			children = (
			);
			name = Chat;
			sourceTree = "<group>";
		};
		479FCA601D9EE484007891E9 /* Diary */ = {
			isa = PBXGroup;
			children = (
			);
			name = Diary;
			sourceTree = "<group>";
		};
		479FCA611D9EE491007891E9 /* Camera */ = {
			isa = PBXGroup;
			children = (
			);
			name = Camera;
			sourceTree = "<group>";
		};
		479FCA621D9EE499007891E9 /* Targets */ = {
			isa = PBXGroup;
			children = (
				47F316231DA2E5AE00D740FD /* Target Cell */,
				47F3161D1DA2E5A900D740FD /* TargetVC.swift */,
				47F3161E1DA2E5A900D740FD /* TargetVC.xib */,
			);
			name = Targets;
			sourceTree = "<group>";
		};
		479FCA631D9EE4A5007891E9 /* Shop */ = {
			isa = PBXGroup;
			children = (
				47F316121DA2CC6E00D740FD /* Add Item */,
				47F316111DA2C0F800D740FD /* Item Detail */,
				47F316081DA2B2EE00D740FD /* Shop Item Cell */,
				47F316041DA2B02300D740FD /* ShopMenuViewController.swift */,
				47F316051DA2B02300D740FD /* ShopMenuViewController.xib */,
			);
			name = Shop;
			sourceTree = "<group>";
		};
		479FCA641D9EE4B2007891E9 /* Social Media */ = {
			isa = PBXGroup;
			children = (
				47F316281DA2E6CA00D740FD /* SocialMediaVC.swift */,
				47F316291DA2E6CA00D740FD /* SocialMediaVC.xib */,
			);
			name = "Social Media";
			sourceTree = "<group>";
		};
		479FCA651D9EE4BD007891E9 /* Contact Us */ = {
			isa = PBXGroup;
			children = (
				47F316241DA2E64800D740FD /* ContactUsVC.swift */,
				47F316251DA2E64800D740FD /* ContactUsVC.xib */,
			);
			name = "Contact Us";
			sourceTree = "<group>";
		};
		479FCA661D9EE4CD007891E9 /* Tab Bar */ = {
			isa = PBXGroup;
			children = (
				479FCA5C1D9EE430007891E9 /* Home */,
				476FEEF31D9FCF7800EEC5D4 /* Tab Bar View */,
				479FCA671D9EE4D6007891E9 /* Help */,
				479FCA681D9EE4E4007891E9 /* FAQ */,
				479FCA691D9EE4EB007891E9 /* Tutorial */,
			);
			name = "Tab Bar";
			sourceTree = "<group>";
		};
		479FCA671D9EE4D6007891E9 /* Help */ = {
			isa = PBXGroup;
			children = (
				476FEF021D9FDE6700EEC5D4 /* HelpVC.swift */,
				476FEF031D9FDE6700EEC5D4 /* HelpVC.xib */,
			);
			name = Help;
			sourceTree = "<group>";
		};
		479FCA681D9EE4E4007891E9 /* FAQ */ = {
			isa = PBXGroup;
			children = (
				476FEF001D9FDE6700EEC5D4 /* FAQVC.swift */,
				476FEF011D9FDE6700EEC5D4 /* FAQVC.xib */,
			);
			name = FAQ;
			sourceTree = "<group>";
		};
		479FCA691D9EE4EB007891E9 /* Tutorial */ = {
			isa = PBXGroup;
			children = (
				47F316171DA2E10700D740FD /* TutorialViewController.swift */,
				47F316181DA2E10700D740FD /* TutorialViewController.xib */,
			);
			name = Tutorial;
			sourceTree = "<group>";
		};
		479FCA6E1D9EECC9007891E9 /* Fonts */ = {
			isa = PBXGroup;
			children = (
				479FCA6F1D9EECEE007891E9 /* Montserrat-Bold.ttf */,
				479FCA701D9EECEE007891E9 /* Montserrat-Regular.ttf */,
			);
			name = Fonts;
			sourceTree = "<group>";
		};
		47E9E1011DA15E5900C6B6A6 /* New */ = {
			isa = PBXGroup;
			children = (
				47E9E1051DA15E8000C6B6A6 /* NewMessageViewController.swift */,
				47E9E1061DA15E8000C6B6A6 /* NewMessageViewController.xib */,
			);
			name = New;
			sourceTree = "<group>";
		};
		47E9E1021DA15E6000C6B6A6 /* Urgent */ = {
			isa = PBXGroup;
			children = (
				47E9E1091DA16AE700C6B6A6 /* UrgentMessageViewController.swift */,
				47E9E10A1DA16AE700C6B6A6 /* UrgentMessageViewController.xib */,
			);
			name = Urgent;
			sourceTree = "<group>";
		};
		47E9E1031DA15E6600C6B6A6 /* Inbox */ = {
			isa = PBXGroup;
			children = (
				47E9E10D1DA16AFE00C6B6A6 /* InboxViewController.swift */,
				47E9E10E1DA16AFE00C6B6A6 /* InboxViewController.xib */,
			);
			name = Inbox;
			sourceTree = "<group>";
		};
		47E9E1041DA15E6E00C6B6A6 /* Outbox */ = {
			isa = PBXGroup;
			children = (
				47E9E1111DA16B0C00C6B6A6 /* OutboxViewController.swift */,
				47E9E1121DA16B0C00C6B6A6 /* OutboxViewController.xib */,
			);
			name = Outbox;
			sourceTree = "<group>";
		};
		47E9E1151DA16DFC00C6B6A6 /* Custom Cell */ = {
			isa = PBXGroup;
			children = (
				47E9E1201DA1720300C6B6A6 /* Inbox Cell */,
				47E9E11F1DA171FA00C6B6A6 /* Urgent Cell */,
			);
			name = "Custom Cell";
			sourceTree = "<group>";
		};
		47E9E11A1DA170E600C6B6A6 /* Message Detail */ = {
			isa = PBXGroup;
			children = (
				47F096C11DCF04660002DF9C /* Urgent Detail */,
				47E9E11B1DA170FE00C6B6A6 /* MessageDetailViewController.swift */,
				47E9E11C1DA170FE00C6B6A6 /* MessageDetailViewController.xib */,
			);
			name = "Message Detail";
			sourceTree = "<group>";
		};
		47E9E11F1DA171FA00C6B6A6 /* Urgent Cell */ = {
			isa = PBXGroup;
			children = (
				47E9E1161DA16E2D00C6B6A6 /* MessageTableViewCell.swift */,
				47E9E1171DA16E2D00C6B6A6 /* MessageTableViewCell.xib */,
			);
			name = "Urgent Cell";
			sourceTree = "<group>";
		};
		47E9E1201DA1720300C6B6A6 /* Inbox Cell */ = {
			isa = PBXGroup;
			children = (
				47E9E1211DA1721A00C6B6A6 /* InboxMessageTableViewCell.swift */,
				47E9E1221DA1721A00C6B6A6 /* InboxMessageTableViewCell.xib */,
			);
			name = "Inbox Cell";
			sourceTree = "<group>";
		};
		47EAF60B1DA02D5300AFFFEC /* Register Cell */ = {
			isa = PBXGroup;
			children = (
				47EAF60C1DA02D8900AFFFEC /* RegisterCell.swift */,
				47EAF60D1DA02D8900AFFFEC /* RegisterCell.xib */,
			);
			name = "Register Cell";
			sourceTree = "<group>";
		};
		47F096C11DCF04660002DF9C /* Urgent Detail */ = {
			isa = PBXGroup;
			children = (
				47F096BD1DCF045E0002DF9C /* UrgentMessageDetailViewController.swift */,
				47F096BE1DCF045E0002DF9C /* UrgentMessageDetailViewController.xib */,
			);
			name = "Urgent Detail";
			sourceTree = "<group>";
		};
		47F316081DA2B2EE00D740FD /* Shop Item Cell */ = {
			isa = PBXGroup;
			children = (
				47F316091DA2B30A00D740FD /* ShopListItemCell.swift */,
				47F3160A1DA2B30A00D740FD /* ShopListItemCell.xib */,
			);
			name = "Shop Item Cell";
			sourceTree = "<group>";
		};
		47F316111DA2C0F800D740FD /* Item Detail */ = {
			isa = PBXGroup;
			children = (
				47F3160D1DA2C0F100D740FD /* ShopItemDetailViewController.swift */,
				47F3160E1DA2C0F100D740FD /* ShopItemDetailViewController.xib */,
			);
			name = "Item Detail";
			sourceTree = "<group>";
		};
		47F316121DA2CC6E00D740FD /* Add Item */ = {
			isa = PBXGroup;
			children = (
				47F316131DA2CC8800D740FD /* AddShopItemViewController.swift */,
				47F316141DA2CC8800D740FD /* AddShopItemViewController.xib */,
			);
			name = "Add Item";
			sourceTree = "<group>";
		};
		47F316231DA2E5AE00D740FD /* Target Cell */ = {
			isa = PBXGroup;
			children = (
				47F3161B1DA2E5A900D740FD /* TargetCell.swift */,
				47F3161C1DA2E5A900D740FD /* TargetCell.xib */,
			);
			name = "Target Cell";
			sourceTree = "<group>";
		};
		47FBF6EA1DBCFEFB00D93C6D /* Archive */ = {
			isa = PBXGroup;
			children = (
				47FBF6E61DBCFEF700D93C6D /* ArchiveAttendanceViewController.swift */,
				47FBF6E71DBCFEF700D93C6D /* ArchiveAttendanceViewController.xib */,
			);
			name = Archive;
			sourceTree = "<group>";
		};
		4AC11EDB908F7370DC1A8540 /* Pods */ = {
			isa = PBXGroup;
			children = (
				80AED099B12E67F2DB6E0CCA /* Pods-ClubTracker.debug.xcconfig */,
				EA4591030FC68917FC228F68 /* Pods-ClubTracker.release.xcconfig */,
				A5B0B5F3FA55A1260972392D /* Pods-ClubTrackerTests.debug.xcconfig */,
				C6D797BF6B4D3C83D32D4FF4 /* Pods-ClubTrackerTests.release.xcconfig */,
				5A6FC3C36ABB2A07E0D374FA /* Pods-ClubTrackerUITests.debug.xcconfig */,
				94862218F74BB116541E2D72 /* Pods-ClubTrackerUITests.release.xcconfig */,
			);
			name = Pods;
			sourceTree = "<group>";
		};
		D9B58A2527A089ECE060DED3 /* Frameworks */ = {
			isa = PBXGroup;
			children = (
				7FF1BCB89C64864D966C0603 /* Pods_ClubTracker.framework */,
				EFF0A83065DE49B499CB828D /* Pods_ClubTrackerTests.framework */,
				F7F22AF019E497760B8E5C22 /* Pods_ClubTrackerUITests.framework */,
			);
			name = Frameworks;
			sourceTree = "<group>";
		};
/* End PBXGroup section */

/* Begin PBXNativeTarget section */
		479FC9FC1D9EE025007891E9 /* ClubTracker */ = {
			isa = PBXNativeTarget;
			buildConfigurationList = 479FCA251D9EE025007891E9 /* Build configuration list for PBXNativeTarget "ClubTracker" */;
			buildPhases = (
				9750E96081E58230495B4FC4 /* [CP] Check Pods Manifest.lock */,
				479FC9F91D9EE025007891E9 /* Sources */,
				479FC9FA1D9EE025007891E9 /* Frameworks */,
				479FC9FB1D9EE025007891E9 /* Resources */,
				5F7070C1148E7A6F1A404E6F /* [CP] Embed Pods Frameworks */,
				B7AF3733549E2215E683D12D /* [CP] Copy Pods Resources */,
			);
			buildRules = (
			);
			dependencies = (
			);
			name = ClubTracker;
			productName = ClubTracker_New;
			productReference = 479FC9FD1D9EE025007891E9 /* ClubTracker.app */;
			productType = "com.apple.product-type.application";
		};
		479FCA101D9EE025007891E9 /* ClubTrackerTests */ = {
			isa = PBXNativeTarget;
			buildConfigurationList = 479FCA281D9EE025007891E9 /* Build configuration list for PBXNativeTarget "ClubTrackerTests" */;
			buildPhases = (
				7A61AED4F3C0C304EC0EE38A /* [CP] Check Pods Manifest.lock */,
				479FCA0D1D9EE025007891E9 /* Sources */,
				479FCA0E1D9EE025007891E9 /* Frameworks */,
				479FCA0F1D9EE025007891E9 /* Resources */,
				F96BEF4A34D8C661722D8441 /* [CP] Embed Pods Frameworks */,
				F68BB8EBB1CF0A93AFC39B5C /* [CP] Copy Pods Resources */,
			);
			buildRules = (
			);
			dependencies = (
				479FCA131D9EE025007891E9 /* PBXTargetDependency */,
			);
			name = ClubTrackerTests;
			productName = ClubTracker_NewTests;
			productReference = 479FCA111D9EE025007891E9 /* ClubTracker.xctest */;
			productType = "com.apple.product-type.bundle.unit-test";
		};
		479FCA1B1D9EE025007891E9 /* ClubTrackerUITests */ = {
			isa = PBXNativeTarget;
			buildConfigurationList = 479FCA2B1D9EE025007891E9 /* Build configuration list for PBXNativeTarget "ClubTrackerUITests" */;
			buildPhases = (
				DB4367B1E6F4D68583C9EE51 /* [CP] Check Pods Manifest.lock */,
				479FCA181D9EE025007891E9 /* Sources */,
				479FCA191D9EE025007891E9 /* Frameworks */,
				479FCA1A1D9EE025007891E9 /* Resources */,
				FF76447B966B96CE999A01F6 /* [CP] Copy Pods Resources */,
				44B2D82F3620553EB417E6A8 /* [CP] Embed Pods Frameworks */,
			);
			buildRules = (
			);
			dependencies = (
				479FCA1E1D9EE025007891E9 /* PBXTargetDependency */,
			);
			name = ClubTrackerUITests;
			productName = ClubTracker_NewUITests;
			productReference = 479FCA1C1D9EE025007891E9 /* ClubTracker.xctest */;
			productType = "com.apple.product-type.bundle.ui-testing";
		};
/* End PBXNativeTarget section */

/* Begin PBXProject section */
		479FC9F51D9EE025007891E9 /* Project object */ = {
			isa = PBXProject;
			attributes = {
				LastSwiftUpdateCheck = 0730;
				LastUpgradeCheck = 0730;
				ORGANIZATIONNAME = "Ashish Karna";
				TargetAttributes = {
					479FC9FC1D9EE025007891E9 = {
						CreatedOnToolsVersion = 7.3;
						DevelopmentTeam = JK9C975RTZ;
						LastSwiftMigration = 0810;
					};
					479FCA101D9EE025007891E9 = {
						CreatedOnToolsVersion = 7.3;
						TestTargetID = 479FC9FC1D9EE025007891E9;
					};
					479FCA1B1D9EE025007891E9 = {
						CreatedOnToolsVersion = 7.3;
						TestTargetID = 479FC9FC1D9EE025007891E9;
					};
				};
			};
			buildConfigurationList = 479FC9F81D9EE025007891E9 /* Build configuration list for PBXProject "ClubTracker" */;
			compatibilityVersion = "Xcode 3.2";
			developmentRegion = English;
			hasScannedForEncodings = 0;
			knownRegions = (
				en,
				Base,
			);
			mainGroup = 479FC9F41D9EE025007891E9;
			productRefGroup = 479FC9FE1D9EE025007891E9 /* Products */;
			projectDirPath = "";
			projectRoot = "";
			targets = (
				479FC9FC1D9EE025007891E9 /* ClubTracker */,
				479FCA101D9EE025007891E9 /* ClubTrackerTests */,
				479FCA1B1D9EE025007891E9 /* ClubTrackerUITests */,
			);
		};
/* End PBXProject section */

/* Begin PBXResourcesBuildPhase section */
		479FC9FB1D9EE025007891E9 /* Resources */ = {
			isa = PBXResourcesBuildPhase;
			buildActionMask = 2147483647;
			files = (
				479FCA721D9EECEE007891E9 /* Montserrat-Regular.ttf in Resources */,
				47E9E1101DA16AFE00C6B6A6 /* InboxViewController.xib in Resources */,
				479FCA501D9EE3B4007891E9 /* FAQCell.xib in Resources */,
				47E9E1141DA16B0C00C6B6A6 /* OutboxViewController.xib in Resources */,
				476FEEEA1D9FCCB600EEC5D4 /* TeacherMenuItemCell.xib in Resources */,
				476FEEF21D9FCF6E00EEC5D4 /* TabBarItem.xib in Resources */,
				47F3162B1DA2E6CA00D740FD /* SocialMediaVC.xib in Resources */,
				47F316221DA2E5A900D740FD /* TargetVC.xib in Resources */,
				47F3161A1DA2E10700D740FD /* TutorialViewController.xib in Resources */,
				479FCA781D9EF445007891E9 /* SelectClassViewController.xib in Resources */,
				479FCA0B1D9EE025007891E9 /* LaunchScreen.storyboard in Resources */,
				47F3160C1DA2B30A00D740FD /* ShopListItemCell.xib in Resources */,
				479FCA6D1D9EE5B0007891E9 /* LoginViewController.xib in Resources */,
				479FCA4E1D9EE3B4007891E9 /* AutoCompleteCell.xib in Resources */,
				47F316271DA2E64800D740FD /* ContactUsVC.xib in Resources */,
				479004B51DD8115E0086502B /* ResponseMessageViewController.xib in Resources */,
				47F096C01DCF045E0002DF9C /* UrgentMessageDetailViewController.xib in Resources */,
				47F316101DA2C0F200D740FD /* ShopItemDetailViewController.xib in Resources */,
				47F316161DA2CC8800D740FD /* AddShopItemViewController.xib in Resources */,
				47E9E1191DA16E2D00C6B6A6 /* MessageTableViewCell.xib in Resources */,
				476FEEE11D9FB3BD00EEC5D4 /* TeacherMenuViewController.xib in Resources */,
				476FEF051D9FDE6700EEC5D4 /* FAQVC.xib in Resources */,
				47FBF6E91DBCFEF700D93C6D /* ArchiveAttendanceViewController.xib in Resources */,
				479FCA081D9EE025007891E9 /* Assets.xcassets in Resources */,
				476FEF071D9FDE6700EEC5D4 /* HelpVC.xib in Resources */,
				47E9E10C1DA16AE700C6B6A6 /* UrgentMessageViewController.xib in Resources */,
				479FCA711D9EECEE007891E9 /* Montserrat-Bold.ttf in Resources */,
				476FEEF01D9FCF6E00EEC5D4 /* TabBar.xib in Resources */,
				47E9E1241DA1721A00C6B6A6 /* InboxMessageTableViewCell.xib in Resources */,
				47E984A21DA0F624003DC18C /* MessageMenuViewController.xib in Resources */,
				47EAF60F1DA02D8900AFFFEC /* RegisterCell.xib in Resources */,
				47E9E1081DA15E8000C6B6A6 /* NewMessageViewController.xib in Resources */,
				47F316071DA2B02300D740FD /* ShopMenuViewController.xib in Resources */,
				47EAF60A1DA02CA200AFFFEC /* RegisterViewController.xib in Resources */,
				47F316201DA2E5A900D740FD /* TargetCell.xib in Resources */,
				47E9E11E1DA170FE00C6B6A6 /* MessageDetailViewController.xib in Resources */,
			);
			runOnlyForDeploymentPostprocessing = 0;
		};
		479FCA0F1D9EE025007891E9 /* Resources */ = {
			isa = PBXResourcesBuildPhase;
			buildActionMask = 2147483647;
			files = (
			);
			runOnlyForDeploymentPostprocessing = 0;
		};
		479FCA1A1D9EE025007891E9 /* Resources */ = {
			isa = PBXResourcesBuildPhase;
			buildActionMask = 2147483647;
			files = (
			);
			runOnlyForDeploymentPostprocessing = 0;
		};
/* End PBXResourcesBuildPhase section */

/* Begin PBXShellScriptBuildPhase section */
		44B2D82F3620553EB417E6A8 /* [CP] Embed Pods Frameworks */ = {
			isa = PBXShellScriptBuildPhase;
			buildActionMask = 2147483647;
			files = (
			);
			inputPaths = (
			);
			name = "[CP] Embed Pods Frameworks";
			outputPaths = (
			);
			runOnlyForDeploymentPostprocessing = 0;
			shellPath = /bin/sh;
			shellScript = "\"${SRCROOT}/Pods/Target Support Files/Pods-ClubTrackerUITests/Pods-ClubTrackerUITests-frameworks.sh\"\n";
			showEnvVarsInLog = 0;
		};
		5F7070C1148E7A6F1A404E6F /* [CP] Embed Pods Frameworks */ = {
			isa = PBXShellScriptBuildPhase;
			buildActionMask = 2147483647;
			files = (
			);
			inputPaths = (
			);
			name = "[CP] Embed Pods Frameworks";
			outputPaths = (
			);
			runOnlyForDeploymentPostprocessing = 0;
			shellPath = /bin/sh;
			shellScript = "\"${SRCROOT}/Pods/Target Support Files/Pods-ClubTracker/Pods-ClubTracker-frameworks.sh\"\n";
			showEnvVarsInLog = 0;
		};
		7A61AED4F3C0C304EC0EE38A /* [CP] Check Pods Manifest.lock */ = {
			isa = PBXShellScriptBuildPhase;
			buildActionMask = 2147483647;
			files = (
			);
			inputPaths = (
			);
			name = "[CP] Check Pods Manifest.lock";
			outputPaths = (
			);
			runOnlyForDeploymentPostprocessing = 0;
			shellPath = /bin/sh;
			shellScript = "diff \"${PODS_ROOT}/../Podfile.lock\" \"${PODS_ROOT}/Manifest.lock\" > /dev/null\nif [ $? != 0 ] ; then\n    # print error to STDERR\n    echo \"error: The sandbox is not in sync with the Podfile.lock. Run 'pod install' or update your CocoaPods installation.\" >&2\n    exit 1\nfi\n";
			showEnvVarsInLog = 0;
		};
		9750E96081E58230495B4FC4 /* [CP] Check Pods Manifest.lock */ = {
			isa = PBXShellScriptBuildPhase;
			buildActionMask = 2147483647;
			files = (
			);
			inputPaths = (
			);
			name = "[CP] Check Pods Manifest.lock";
			outputPaths = (
			);
			runOnlyForDeploymentPostprocessing = 0;
			shellPath = /bin/sh;
			shellScript = "diff \"${PODS_ROOT}/../Podfile.lock\" \"${PODS_ROOT}/Manifest.lock\" > /dev/null\nif [ $? != 0 ] ; then\n    # print error to STDERR\n    echo \"error: The sandbox is not in sync with the Podfile.lock. Run 'pod install' or update your CocoaPods installation.\" >&2\n    exit 1\nfi\n";
			showEnvVarsInLog = 0;
		};
		B7AF3733549E2215E683D12D /* [CP] Copy Pods Resources */ = {
			isa = PBXShellScriptBuildPhase;
			buildActionMask = 2147483647;
			files = (
			);
			inputPaths = (
			);
			name = "[CP] Copy Pods Resources";
			outputPaths = (
			);
			runOnlyForDeploymentPostprocessing = 0;
			shellPath = /bin/sh;
			shellScript = "\"${SRCROOT}/Pods/Target Support Files/Pods-ClubTracker/Pods-ClubTracker-resources.sh\"\n";
			showEnvVarsInLog = 0;
		};
		DB4367B1E6F4D68583C9EE51 /* [CP] Check Pods Manifest.lock */ = {
			isa = PBXShellScriptBuildPhase;
			buildActionMask = 2147483647;
			files = (
			);
			inputPaths = (
			);
			name = "[CP] Check Pods Manifest.lock";
			outputPaths = (
			);
			runOnlyForDeploymentPostprocessing = 0;
			shellPath = /bin/sh;
			shellScript = "diff \"${PODS_ROOT}/../Podfile.lock\" \"${PODS_ROOT}/Manifest.lock\" > /dev/null\nif [ $? != 0 ] ; then\n    # print error to STDERR\n    echo \"error: The sandbox is not in sync with the Podfile.lock. Run 'pod install' or update your CocoaPods installation.\" >&2\n    exit 1\nfi\n";
			showEnvVarsInLog = 0;
		};
		F68BB8EBB1CF0A93AFC39B5C /* [CP] Copy Pods Resources */ = {
			isa = PBXShellScriptBuildPhase;
			buildActionMask = 2147483647;
			files = (
			);
			inputPaths = (
			);
			name = "[CP] Copy Pods Resources";
			outputPaths = (
			);
			runOnlyForDeploymentPostprocessing = 0;
			shellPath = /bin/sh;
			shellScript = "\"${SRCROOT}/Pods/Target Support Files/Pods-ClubTrackerTests/Pods-ClubTrackerTests-resources.sh\"\n";
			showEnvVarsInLog = 0;
		};
		F96BEF4A34D8C661722D8441 /* [CP] Embed Pods Frameworks */ = {
			isa = PBXShellScriptBuildPhase;
			buildActionMask = 2147483647;
			files = (
			);
			inputPaths = (
			);
			name = "[CP] Embed Pods Frameworks";
			outputPaths = (
			);
			runOnlyForDeploymentPostprocessing = 0;
			shellPath = /bin/sh;
			shellScript = "\"${SRCROOT}/Pods/Target Support Files/Pods-ClubTrackerTests/Pods-ClubTrackerTests-frameworks.sh\"\n";
			showEnvVarsInLog = 0;
		};
		FF76447B966B96CE999A01F6 /* [CP] Copy Pods Resources */ = {
			isa = PBXShellScriptBuildPhase;
			buildActionMask = 2147483647;
			files = (
			);
			inputPaths = (
			);
			name = "[CP] Copy Pods Resources";
			outputPaths = (
			);
			runOnlyForDeploymentPostprocessing = 0;
			shellPath = /bin/sh;
			shellScript = "\"${SRCROOT}/Pods/Target Support Files/Pods-ClubTrackerUITests/Pods-ClubTrackerUITests-resources.sh\"\n";
			showEnvVarsInLog = 0;
		};
/* End PBXShellScriptBuildPhase section */

/* Begin PBXSourcesBuildPhase section */
		479FC9F91D9EE025007891E9 /* Sources */ = {
			isa = PBXSourcesBuildPhase;
			buildActionMask = 2147483647;
			files = (
				47F3161F1DA2E5A900D740FD /* TargetCell.swift in Sources */,
				476FEF041D9FDE6700EEC5D4 /* FAQVC.swift in Sources */,
				476FEF061D9FDE6700EEC5D4 /* HelpVC.swift in Sources */,
				47FBF6E81DBCFEF700D93C6D /* ArchiveAttendanceViewController.swift in Sources */,
				479FCA771D9EF445007891E9 /* SelectClassViewController.swift in Sources */,
				47E9E1071DA15E8000C6B6A6 /* NewMessageViewController.swift in Sources */,
				47F316261DA2E64800D740FD /* ContactUsVC.swift in Sources */,
				4738FA591DB7ECC700F10698 /* Details.swift in Sources */,
				479FCA6C1D9EE5B0007891E9 /* LoginViewController.swift in Sources */,
				476FEEE91D9FCCB600EEC5D4 /* TeacherMenuItemCell.swift in Sources */,
				479004B41DD8115E0086502B /* ResponseMessageViewController.swift in Sources */,
				479FCA4D1D9EE3B4007891E9 /* AutoCompleteCell.swift in Sources */,
				479FCA391D9EE2F1007891E9 /* TPKeyboardAvoidingScrollView.m in Sources */,
				479FCA431D9EE37E007891E9 /* AutoComplete.swift in Sources */,
				476FEEE01D9FB3BD00EEC5D4 /* TeacherMenuViewController.swift in Sources */,
				479FCA3A1D9EE2F1007891E9 /* TPKeyboardAvoidingTableView.m in Sources */,
				47F316061DA2B02300D740FD /* ShopMenuViewController.swift in Sources */,
				47E9E1181DA16E2D00C6B6A6 /* MessageTableViewCell.swift in Sources */,
				47E9E1231DA1721A00C6B6A6 /* InboxMessageTableViewCell.swift in Sources */,
				479FCA4F1D9EE3B4007891E9 /* FAQCell.swift in Sources */,
				47E984A11DA0F624003DC18C /* MessageMenuViewController.swift in Sources */,
				47F096BF1DCF045E0002DF9C /* UrgentMessageDetailViewController.swift in Sources */,
				4738FA501DB7CB9E00F10698 /* WebServiceHelper.swift in Sources */,
				47EAF6091DA02CA200AFFFEC /* RegisterViewController.swift in Sources */,
				47F316151DA2CC8800D740FD /* AddShopItemViewController.swift in Sources */,
				479FCA381D9EE2F1007891E9 /* TPKeyboardAvoidingCollectionView.m in Sources */,
				4738FA541DB7CF2100F10698 /* MBProgressHUD.m in Sources */,
				47F3162A1DA2E6CA00D740FD /* SocialMediaVC.swift in Sources */,
				47E9E10F1DA16AFE00C6B6A6 /* InboxViewController.swift in Sources */,
				47E9E10B1DA16AE700C6B6A6 /* UrgentMessageViewController.swift in Sources */,
				47E9E1131DA16B0C00C6B6A6 /* OutboxViewController.swift in Sources */,
				479FCA011D9EE025007891E9 /* AppDelegate.swift in Sources */,
				47F316211DA2E5A900D740FD /* TargetVC.swift in Sources */,
				479FCA3B1D9EE2F1007891E9 /* UIScrollView+TPKeyboardAvoidingAdditions.m in Sources */,
				47F3160F1DA2C0F200D740FD /* ShopItemDetailViewController.swift in Sources */,
				479FCA451D9EE37E007891E9 /* Helper.swift in Sources */,
				47EAF60E1DA02D8900AFFFEC /* RegisterCell.swift in Sources */,
				476FEEEF1D9FCF6E00EEC5D4 /* TabBarController.swift in Sources */,
				47E9E11D1DA170FE00C6B6A6 /* MessageDetailViewController.swift in Sources */,
				47F316191DA2E10700D740FD /* TutorialViewController.swift in Sources */,
				476FEEF11D9FCF6E00EEC5D4 /* TabBarCollectionViewCell.swift in Sources */,
				47F3160B1DA2B30A00D740FD /* ShopListItemCell.swift in Sources */,
				479FCA741D9EF104007891E9 /* Constants.swift in Sources */,
			);
			runOnlyForDeploymentPostprocessing = 0;
		};
		479FCA0D1D9EE025007891E9 /* Sources */ = {
			isa = PBXSourcesBuildPhase;
			buildActionMask = 2147483647;
			files = (
				479FCA161D9EE025007891E9 /* ClubTracker_NewTests.swift in Sources */,
			);
			runOnlyForDeploymentPostprocessing = 0;
		};
		479FCA181D9EE025007891E9 /* Sources */ = {
			isa = PBXSourcesBuildPhase;
			buildActionMask = 2147483647;
			files = (
				479FCA211D9EE025007891E9 /* ClubTracker_NewUITests.swift in Sources */,
			);
			runOnlyForDeploymentPostprocessing = 0;
		};
/* End PBXSourcesBuildPhase section */

/* Begin PBXTargetDependency section */
		479FCA131D9EE025007891E9 /* PBXTargetDependency */ = {
			isa = PBXTargetDependency;
			target = 479FC9FC1D9EE025007891E9 /* ClubTracker */;
			targetProxy = 479FCA121D9EE025007891E9 /* PBXContainerItemProxy */;
		};
		479FCA1E1D9EE025007891E9 /* PBXTargetDependency */ = {
			isa = PBXTargetDependency;
			target = 479FC9FC1D9EE025007891E9 /* ClubTracker */;
			targetProxy = 479FCA1D1D9EE025007891E9 /* PBXContainerItemProxy */;
		};
/* End PBXTargetDependency section */

/* Begin PBXVariantGroup section */
		479FCA091D9EE025007891E9 /* LaunchScreen.storyboard */ = {
			isa = PBXVariantGroup;
			children = (
				479FCA0A1D9EE025007891E9 /* Base */,
			);
			name = LaunchScreen.storyboard;
			sourceTree = "<group>";
		};
/* End PBXVariantGroup section */

/* Begin XCBuildConfiguration section */
		479FCA231D9EE025007891E9 /* Debug */ = {
			isa = XCBuildConfiguration;
			buildSettings = {
				ALWAYS_SEARCH_USER_PATHS = NO;
				CLANG_ANALYZER_NONNULL = YES;
				CLANG_CXX_LANGUAGE_STANDARD = "gnu++0x";
				CLANG_CXX_LIBRARY = "libc++";
				CLANG_ENABLE_MODULES = YES;
				CLANG_ENABLE_OBJC_ARC = YES;
				CLANG_WARN_BOOL_CONVERSION = YES;
				CLANG_WARN_CONSTANT_CONVERSION = YES;
				CLANG_WARN_DIRECT_OBJC_ISA_USAGE = YES_ERROR;
				CLANG_WARN_EMPTY_BODY = YES;
				CLANG_WARN_ENUM_CONVERSION = YES;
				CLANG_WARN_INT_CONVERSION = YES;
				CLANG_WARN_OBJC_ROOT_CLASS = YES_ERROR;
				CLANG_WARN_UNREACHABLE_CODE = YES;
				CLANG_WARN__DUPLICATE_METHOD_MATCH = YES;
				"CODE_SIGN_IDENTITY[sdk=iphoneos*]" = "";
				COPY_PHASE_STRIP = NO;
				DEBUG_INFORMATION_FORMAT = dwarf;
				ENABLE_STRICT_OBJC_MSGSEND = YES;
				ENABLE_TESTABILITY = YES;
				GCC_C_LANGUAGE_STANDARD = gnu99;
				GCC_DYNAMIC_NO_PIC = NO;
				GCC_NO_COMMON_BLOCKS = YES;
				GCC_OPTIMIZATION_LEVEL = 0;
				GCC_PREPROCESSOR_DEFINITIONS = (
					"DEBUG=1",
					"$(inherited)",
				);
				GCC_WARN_64_TO_32_BIT_CONVERSION = YES;
				GCC_WARN_ABOUT_RETURN_TYPE = YES_ERROR;
				GCC_WARN_UNDECLARED_SELECTOR = YES;
				GCC_WARN_UNINITIALIZED_AUTOS = YES_AGGRESSIVE;
				GCC_WARN_UNUSED_FUNCTION = YES;
				GCC_WARN_UNUSED_VARIABLE = YES;
				IPHONEOS_DEPLOYMENT_TARGET = 9.0;
				MTL_ENABLE_DEBUG_INFO = YES;
				ONLY_ACTIVE_ARCH = YES;
				SDKROOT = iphoneos;
				SWIFT_OPTIMIZATION_LEVEL = "-Onone";
				TARGETED_DEVICE_FAMILY = "1,2";
			};
			name = Debug;
		};
		479FCA241D9EE025007891E9 /* Release */ = {
			isa = XCBuildConfiguration;
			buildSettings = {
				ALWAYS_SEARCH_USER_PATHS = NO;
				CLANG_ANALYZER_NONNULL = YES;
				CLANG_CXX_LANGUAGE_STANDARD = "gnu++0x";
				CLANG_CXX_LIBRARY = "libc++";
				CLANG_ENABLE_MODULES = YES;
				CLANG_ENABLE_OBJC_ARC = YES;
				CLANG_WARN_BOOL_CONVERSION = YES;
				CLANG_WARN_CONSTANT_CONVERSION = YES;
				CLANG_WARN_DIRECT_OBJC_ISA_USAGE = YES_ERROR;
				CLANG_WARN_EMPTY_BODY = YES;
				CLANG_WARN_ENUM_CONVERSION = YES;
				CLANG_WARN_INT_CONVERSION = YES;
				CLANG_WARN_OBJC_ROOT_CLASS = YES_ERROR;
				CLANG_WARN_UNREACHABLE_CODE = YES;
				CLANG_WARN__DUPLICATE_METHOD_MATCH = YES;
				"CODE_SIGN_IDENTITY[sdk=iphoneos*]" = "";
				COPY_PHASE_STRIP = NO;
				DEBUG_INFORMATION_FORMAT = "dwarf-with-dsym";
				ENABLE_NS_ASSERTIONS = NO;
				ENABLE_STRICT_OBJC_MSGSEND = YES;
				GCC_C_LANGUAGE_STANDARD = gnu99;
				GCC_NO_COMMON_BLOCKS = YES;
				GCC_WARN_64_TO_32_BIT_CONVERSION = YES;
				GCC_WARN_ABOUT_RETURN_TYPE = YES_ERROR;
				GCC_WARN_UNDECLARED_SELECTOR = YES;
				GCC_WARN_UNINITIALIZED_AUTOS = YES_AGGRESSIVE;
				GCC_WARN_UNUSED_FUNCTION = YES;
				GCC_WARN_UNUSED_VARIABLE = YES;
				IPHONEOS_DEPLOYMENT_TARGET = 9.0;
				MTL_ENABLE_DEBUG_INFO = NO;
				SDKROOT = iphoneos;
				TARGETED_DEVICE_FAMILY = "1,2";
				VALIDATE_PRODUCT = YES;
			};
			name = Release;
		};
		479FCA261D9EE025007891E9 /* Debug */ = {
			isa = XCBuildConfiguration;
			baseConfigurationReference = 80AED099B12E67F2DB6E0CCA /* Pods-ClubTracker.debug.xcconfig */;
			buildSettings = {
				ASSETCATALOG_COMPILER_APPICON_NAME = AppIcon;
				CLANG_ENABLE_MODULES = YES;
				CODE_SIGN_IDENTITY = "iPhone Distribution: Daniel Hughes (JK9C975RTZ)";
				"CODE_SIGN_IDENTITY[sdk=iphoneos*]" = "iPhone Distribution: Daniel Hughes (JK9C975RTZ)";
				INFOPLIST_FILE = ClubTracker_New/Info.plist;
				IPHONEOS_DEPLOYMENT_TARGET = 9.0;
				LD_RUNPATH_SEARCH_PATHS = "$(inherited) @executable_path/Frameworks";
				PRODUCT_BUNDLE_IDENTIFIER = com.karma.ClubTracker;
				PRODUCT_NAME = ClubTracker;
				PROVISIONING_PROFILE = "a589d8fa-1226-4bc2-a21d-eef07059ddbd";
				SWIFT_OBJC_BRIDGING_HEADER = "ClubTracker_New/ClubTracker-Bridging-Header.h";
				SWIFT_OPTIMIZATION_LEVEL = "-Onone";
				SWIFT_VERSION = 3.0;
			};
			name = Debug;
		};
		479FCA271D9EE025007891E9 /* Release */ = {
			isa = XCBuildConfiguration;
			baseConfigurationReference = EA4591030FC68917FC228F68 /* Pods-ClubTracker.release.xcconfig */;
			buildSettings = {
				ASSETCATALOG_COMPILER_APPICON_NAME = AppIcon;
				CLANG_ENABLE_MODULES = YES;
				CODE_SIGN_IDENTITY = "iPhone Distribution: Daniel Hughes (JK9C975RTZ)";
				"CODE_SIGN_IDENTITY[sdk=iphoneos*]" = "iPhone Distribution: Daniel Hughes (JK9C975RTZ)";
				INFOPLIST_FILE = ClubTracker_New/Info.plist;
				IPHONEOS_DEPLOYMENT_TARGET = 9.0;
				LD_RUNPATH_SEARCH_PATHS = "$(inherited) @executable_path/Frameworks";
				PRODUCT_BUNDLE_IDENTIFIER = com.karma.ClubTracker;
				PRODUCT_NAME = ClubTracker;
				PROVISIONING_PROFILE = "a589d8fa-1226-4bc2-a21d-eef07059ddbd";
				SWIFT_OBJC_BRIDGING_HEADER = "ClubTracker_New/ClubTracker-Bridging-Header.h";
				SWIFT_VERSION = 3.0;
			};
			name = Release;
		};
		479FCA291D9EE025007891E9 /* Debug */ = {
			isa = XCBuildConfiguration;
			baseConfigurationReference = A5B0B5F3FA55A1260972392D /* Pods-ClubTrackerTests.debug.xcconfig */;
			buildSettings = {
				BUNDLE_LOADER = "$(TEST_HOST)";
				INFOPLIST_FILE = ClubTracker_NewTests/Info.plist;
				LD_RUNPATH_SEARCH_PATHS = "$(inherited) @executable_path/Frameworks @loader_path/Frameworks";
				PRODUCT_BUNDLE_IDENTIFIER = "Karma-Inc.ClubTracker-NewTests";
				PRODUCT_NAME = ClubTracker;
				TEST_HOST = "$(BUILT_PRODUCTS_DIR)/ClubTracker.app/ClubTracker";
			};
			name = Debug;
		};
		479FCA2A1D9EE025007891E9 /* Release */ = {
			isa = XCBuildConfiguration;
			baseConfigurationReference = C6D797BF6B4D3C83D32D4FF4 /* Pods-ClubTrackerTests.release.xcconfig */;
			buildSettings = {
				BUNDLE_LOADER = "$(TEST_HOST)";
				INFOPLIST_FILE = ClubTracker_NewTests/Info.plist;
				LD_RUNPATH_SEARCH_PATHS = "$(inherited) @executable_path/Frameworks @loader_path/Frameworks";
				PRODUCT_BUNDLE_IDENTIFIER = "Karma-Inc.ClubTracker-NewTests";
				PRODUCT_NAME = ClubTracker;
				TEST_HOST = "$(BUILT_PRODUCTS_DIR)/ClubTracker.app/ClubTracker";
			};
			name = Release;
		};
		479FCA2C1D9EE025007891E9 /* Debug */ = {
			isa = XCBuildConfiguration;
			baseConfigurationReference = 5A6FC3C36ABB2A07E0D374FA /* Pods-ClubTrackerUITests.debug.xcconfig */;
			buildSettings = {
				INFOPLIST_FILE = ClubTracker_NewUITests/Info.plist;
				LD_RUNPATH_SEARCH_PATHS = "$(inherited) @executable_path/Frameworks @loader_path/Frameworks";
				PRODUCT_BUNDLE_IDENTIFIER = "Karma-Inc.ClubTracker-NewUITests";
				PRODUCT_NAME = ClubTracker;
				TEST_TARGET_NAME = ClubTracker_New;
			};
			name = Debug;
		};
		479FCA2D1D9EE025007891E9 /* Release */ = {
			isa = XCBuildConfiguration;
			baseConfigurationReference = 94862218F74BB116541E2D72 /* Pods-ClubTrackerUITests.release.xcconfig */;
			buildSettings = {
				INFOPLIST_FILE = ClubTracker_NewUITests/Info.plist;
				LD_RUNPATH_SEARCH_PATHS = "$(inherited) @executable_path/Frameworks @loader_path/Frameworks";
				PRODUCT_BUNDLE_IDENTIFIER = "Karma-Inc.ClubTracker-NewUITests";
				PRODUCT_NAME = ClubTracker;
				TEST_TARGET_NAME = ClubTracker_New;
			};
			name = Release;
		};
/* End XCBuildConfiguration section */

/* Begin XCConfigurationList section */
		479FC9F81D9EE025007891E9 /* Build configuration list for PBXProject "ClubTracker" */ = {
			isa = XCConfigurationList;
			buildConfigurations = (
				479FCA231D9EE025007891E9 /* Debug */,
				479FCA241D9EE025007891E9 /* Release */,
			);
			defaultConfigurationIsVisible = 0;
			defaultConfigurationName = Release;
		};
		479FCA251D9EE025007891E9 /* Build configuration list for PBXNativeTarget "ClubTracker" */ = {
			isa = XCConfigurationList;
			buildConfigurations = (
				479FCA261D9EE025007891E9 /* Debug */,
				479FCA271D9EE025007891E9 /* Release */,
			);
			defaultConfigurationIsVisible = 0;
			defaultConfigurationName = Release;
		};
		479FCA281D9EE025007891E9 /* Build configuration list for PBXNativeTarget "ClubTrackerTests" */ = {
			isa = XCConfigurationList;
			buildConfigurations = (
				479FCA291D9EE025007891E9 /* Debug */,
				479FCA2A1D9EE025007891E9 /* Release */,
			);
			defaultConfigurationIsVisible = 0;
			defaultConfigurationName = Release;
		};
		479FCA2B1D9EE025007891E9 /* Build configuration list for PBXNativeTarget "ClubTrackerUITests" */ = {
			isa = XCConfigurationList;
			buildConfigurations = (
				479FCA2C1D9EE025007891E9 /* Debug */,
				479FCA2D1D9EE025007891E9 /* Release */,
			);
			defaultConfigurationIsVisible = 0;
			defaultConfigurationName = Release;
		};
/* End XCConfigurationList section */
	};
	rootObject = 479FC9F51D9EE025007891E9 /* Project object */;
}
