// !$*UTF8*$!
{
	archiveVersion = 1;
	classes = {
	};
	objectVersion = 46;
	objects = {

/* Begin PBXBuildFile section */
		479FCA011D9EE025007891E9 /* AppDelegate.swift in Sources */ = {isa = PBXBuildFile; fileRef = 479FCA001D9EE025007891E9 /* AppDelegate.swift */; };
		479FCA031D9EE025007891E9 /* ViewController.swift in Sources */ = {isa = PBXBuildFile; fileRef = 479FCA021D9EE025007891E9 /* ViewController.swift */; };
		479FCA061D9EE025007891E9 /* Main.storyboard in Resources */ = {isa = PBXBuildFile; fileRef = 479FCA041D9EE025007891E9 /* Main.storyboard */; };
		479FCA081D9EE025007891E9 /* Assets.xcassets in Resources */ = {isa = PBXBuildFile; fileRef = 479FCA071D9EE025007891E9 /* Assets.xcassets */; };
		479FCA0B1D9EE025007891E9 /* LaunchScreen.storyboard in Resources */ = {isa = PBXBuildFile; fileRef = 479FCA091D9EE025007891E9 /* LaunchScreen.storyboard */; };
		479FCA161D9EE025007891E9 /* ClubTracker_NewTests.swift in Sources */ = {isa = PBXBuildFile; fileRef = 479FCA151D9EE025007891E9 /* ClubTracker_NewTests.swift */; };
		479FCA211D9EE025007891E9 /* ClubTracker_NewUITests.swift in Sources */ = {isa = PBXBuildFile; fileRef = 479FCA201D9EE025007891E9 /* ClubTracker_NewUITests.swift */; };
/* End PBXBuildFile section */

/* Begin PBXContainerItemProxy section */
		479FCA121D9EE025007891E9 /* PBXContainerItemProxy */ = {
			isa = PBXContainerItemProxy;
			containerPortal = 479FC9F51D9EE025007891E9 /* Project object */;
			proxyType = 1;
			remoteGlobalIDString = 479FC9FC1D9EE025007891E9;
			remoteInfo = ClubTracker_New;
		};
		479FCA1D1D9EE025007891E9 /* PBXContainerItemProxy */ = {
			isa = PBXContainerItemProxy;
			containerPortal = 479FC9F51D9EE025007891E9 /* Project object */;
			proxyType = 1;
			remoteGlobalIDString = 479FC9FC1D9EE025007891E9;
			remoteInfo = ClubTracker_New;
		};
/* End PBXContainerItemProxy section */

/* Begin PBXFileReference section */
		479FC9FD1D9EE025007891E9 /* ClubTracker_New.app */ = {isa = PBXFileReference; explicitFileType = wrapper.application; includeInIndex = 0; path = ClubTracker_New.app; sourceTree = BUILT_PRODUCTS_DIR; };
		479FCA001D9EE025007891E9 /* AppDelegate.swift */ = {isa = PBXFileReference; lastKnownFileType = sourcecode.swift; path = AppDelegate.swift; sourceTree = "<group>"; };
		479FCA021D9EE025007891E9 /* ViewController.swift */ = {isa = PBXFileReference; lastKnownFileType = sourcecode.swift; path = ViewController.swift; sourceTree = "<group>"; };
		479FCA051D9EE025007891E9 /* Base */ = {isa = PBXFileReference; lastKnownFileType = file.storyboard; name = Base; path = Base.lproj/Main.storyboard; sourceTree = "<group>"; };
		479FCA071D9EE025007891E9 /* Assets.xcassets */ = {isa = PBXFileReference; lastKnownFileType = folder.assetcatalog; path = Assets.xcassets; sourceTree = "<group>"; };
		479FCA0A1D9EE025007891E9 /* Base */ = {isa = PBXFileReference; lastKnownFileType = file.storyboard; name = Base; path = Base.lproj/LaunchScreen.storyboard; sourceTree = "<group>"; };
		479FCA0C1D9EE025007891E9 /* Info.plist */ = {isa = PBXFileReference; lastKnownFileType = text.plist.xml; path = Info.plist; sourceTree = "<group>"; };
		479FCA111D9EE025007891E9 /* ClubTracker_NewTests.xctest */ = {isa = PBXFileReference; explicitFileType = wrapper.cfbundle; includeInIndex = 0; path = ClubTracker_NewTests.xctest; sourceTree = BUILT_PRODUCTS_DIR; };
		479FCA151D9EE025007891E9 /* ClubTracker_NewTests.swift */ = {isa = PBXFileReference; lastKnownFileType = sourcecode.swift; path = ClubTracker_NewTests.swift; sourceTree = "<group>"; };
		479FCA171D9EE025007891E9 /* Info.plist */ = {isa = PBXFileReference; lastKnownFileType = text.plist.xml; path = Info.plist; sourceTree = "<group>"; };
		479FCA1C1D9EE025007891E9 /* ClubTracker_NewUITests.xctest */ = {isa = PBXFileReference; explicitFileType = wrapper.cfbundle; includeInIndex = 0; path = ClubTracker_NewUITests.xctest; sourceTree = BUILT_PRODUCTS_DIR; };
		479FCA201D9EE025007891E9 /* ClubTracker_NewUITests.swift */ = {isa = PBXFileReference; lastKnownFileType = sourcecode.swift; path = ClubTracker_NewUITests.swift; sourceTree = "<group>"; };
		479FCA221D9EE025007891E9 /* Info.plist */ = {isa = PBXFileReference; lastKnownFileType = text.plist.xml; path = Info.plist; sourceTree = "<group>"; };
/* End PBXFileReference section */

/* Begin PBXFrameworksBuildPhase section */
		479FC9FA1D9EE025007891E9 /* Frameworks */ = {
			isa = PBXFrameworksBuildPhase;
			buildActionMask = 2147483647;
			files = (
			);
			runOnlyForDeploymentPostprocessing = 0;
		};
		479FCA0E1D9EE025007891E9 /* Frameworks */ = {
			isa = PBXFrameworksBuildPhase;
			buildActionMask = 2147483647;
			files = (
			);
			runOnlyForDeploymentPostprocessing = 0;
		};
		479FCA191D9EE025007891E9 /* Frameworks */ = {
			isa = PBXFrameworksBuildPhase;
			buildActionMask = 2147483647;
			files = (
			);
			runOnlyForDeploymentPostprocessing = 0;
		};
/* End PBXFrameworksBuildPhase section */

/* Begin PBXGroup section */
		479FC9F41D9EE025007891E9 = {
			isa = PBXGroup;
			children = (
				479FC9FF1D9EE025007891E9 /* ClubTracker_New */,
				479FCA141D9EE025007891E9 /* ClubTracker_NewTests */,
				479FCA1F1D9EE025007891E9 /* ClubTracker_NewUITests */,
				479FC9FE1D9EE025007891E9 /* Products */,
			);
			sourceTree = "<group>";
		};
		479FC9FE1D9EE025007891E9 /* Products */ = {
			isa = PBXGroup;
			children = (
				479FC9FD1D9EE025007891E9 /* ClubTracker_New.app */,
				479FCA111D9EE025007891E9 /* ClubTracker_NewTests.xctest */,
				479FCA1C1D9EE025007891E9 /* ClubTracker_NewUITests.xctest */,
			);
			name = Products;
			sourceTree = "<group>";
		};
		479FC9FF1D9EE025007891E9 /* ClubTracker_New */ = {
			isa = PBXGroup;
			children = (
				479FCA001D9EE025007891E9 /* AppDelegate.swift */,
				479FCA021D9EE025007891E9 /* ViewController.swift */,
				479FCA041D9EE025007891E9 /* Main.storyboard */,
				479FCA071D9EE025007891E9 /* Assets.xcassets */,
				479FCA091D9EE025007891E9 /* LaunchScreen.storyboard */,
				479FCA0C1D9EE025007891E9 /* Info.plist */,
			);
			path = ClubTracker_New;
			sourceTree = "<group>";
		};
		479FCA141D9EE025007891E9 /* ClubTracker_NewTests */ = {
			isa = PBXGroup;
			children = (
				479FCA151D9EE025007891E9 /* ClubTracker_NewTests.swift */,
				479FCA171D9EE025007891E9 /* Info.plist */,
			);
			path = ClubTracker_NewTests;
			sourceTree = "<group>";
		};
		479FCA1F1D9EE025007891E9 /* ClubTracker_NewUITests */ = {
			isa = PBXGroup;
			children = (
				479FCA201D9EE025007891E9 /* ClubTracker_NewUITests.swift */,
				479FCA221D9EE025007891E9 /* Info.plist */,
			);
			path = ClubTracker_NewUITests;
			sourceTree = "<group>";
		};
/* End PBXGroup section */

/* Begin PBXNativeTarget section */
		479FC9FC1D9EE025007891E9 /* ClubTracker_New */ = {
			isa = PBXNativeTarget;
			buildConfigurationList = 479FCA251D9EE025007891E9 /* Build configuration list for PBXNativeTarget "ClubTracker_New" */;
			buildPhases = (
				479FC9F91D9EE025007891E9 /* Sources */,
				479FC9FA1D9EE025007891E9 /* Frameworks */,
				479FC9FB1D9EE025007891E9 /* Resources */,
			);
			buildRules = (
			);
			dependencies = (
			);
			name = ClubTracker_New;
			productName = ClubTracker_New;
			productReference = 479FC9FD1D9EE025007891E9 /* ClubTracker_New.app */;
			productType = "com.apple.product-type.application";
		};
		479FCA101D9EE025007891E9 /* ClubTracker_NewTests */ = {
			isa = PBXNativeTarget;
			buildConfigurationList = 479FCA281D9EE025007891E9 /* Build configuration list for PBXNativeTarget "ClubTracker_NewTests" */;
			buildPhases = (
				479FCA0D1D9EE025007891E9 /* Sources */,
				479FCA0E1D9EE025007891E9 /* Frameworks */,
				479FCA0F1D9EE025007891E9 /* Resources */,
			);
			buildRules = (
			);
			dependencies = (
				479FCA131D9EE025007891E9 /* PBXTargetDependency */,
			);
			name = ClubTracker_NewTests;
			productName = ClubTracker_NewTests;
			productReference = 479FCA111D9EE025007891E9 /* ClubTracker_NewTests.xctest */;
			productType = "com.apple.product-type.bundle.unit-test";
		};
		479FCA1B1D9EE025007891E9 /* ClubTracker_NewUITests */ = {
			isa = PBXNativeTarget;
			buildConfigurationList = 479FCA2B1D9EE025007891E9 /* Build configuration list for PBXNativeTarget "ClubTracker_NewUITests" */;
			buildPhases = (
				479FCA181D9EE025007891E9 /* Sources */,
				479FCA191D9EE025007891E9 /* Frameworks */,
				479FCA1A1D9EE025007891E9 /* Resources */,
			);
			buildRules = (
			);
			dependencies = (
				479FCA1E1D9EE025007891E9 /* PBXTargetDependency */,
			);
			name = ClubTracker_NewUITests;
			productName = ClubTracker_NewUITests;
			productReference = 479FCA1C1D9EE025007891E9 /* ClubTracker_NewUITests.xctest */;
			productType = "com.apple.product-type.bundle.ui-testing";
		};
/* End PBXNativeTarget section */

/* Begin PBXProject section */
		479FC9F51D9EE025007891E9 /* Project object */ = {
			isa = PBXProject;
			attributes = {
				LastSwiftUpdateCheck = 0730;
				LastUpgradeCheck = 0730;
				ORGANIZATIONNAME = "Ashish Karna";
				TargetAttributes = {
					479FC9FC1D9EE025007891E9 = {
						CreatedOnToolsVersion = 7.3;
					};
					479FCA101D9EE025007891E9 = {
						CreatedOnToolsVersion = 7.3;
						TestTargetID = 479FC9FC1D9EE025007891E9;
					};
					479FCA1B1D9EE025007891E9 = {
						CreatedOnToolsVersion = 7.3;
						TestTargetID = 479FC9FC1D9EE025007891E9;
					};
				};
			};
			buildConfigurationList = 479FC9F81D9EE025007891E9 /* Build configuration list for PBXProject "ClubTracker_New" */;
			compatibilityVersion = "Xcode 3.2";
			developmentRegion = English;
			hasScannedForEncodings = 0;
			knownRegions = (
				en,
				Base,
			);
			mainGroup = 479FC9F41D9EE025007891E9;
			productRefGroup = 479FC9FE1D9EE025007891E9 /* Products */;
			projectDirPath = "";
			projectRoot = "";
			targets = (
				479FC9FC1D9EE025007891E9 /* ClubTracker_New */,
				479FCA101D9EE025007891E9 /* ClubTracker_NewTests */,
				479FCA1B1D9EE025007891E9 /* ClubTracker_NewUITests */,
			);
		};
/* End PBXProject section */

/* Begin PBXResourcesBuildPhase section */
		479FC9FB1D9EE025007891E9 /* Resources */ = {
			isa = PBXResourcesBuildPhase;
			buildActionMask = 2147483647;
			files = (
				479FCA0B1D9EE025007891E9 /* LaunchScreen.storyboard in Resources */,
				479FCA081D9EE025007891E9 /* Assets.xcassets in Resources */,
				479FCA061D9EE025007891E9 /* Main.storyboard in Resources */,
			);
			runOnlyForDeploymentPostprocessing = 0;
		};
		479FCA0F1D9EE025007891E9 /* Resources */ = {
			isa = PBXResourcesBuildPhase;
			buildActionMask = 2147483647;
			files = (
			);
			runOnlyForDeploymentPostprocessing = 0;
		};
		479FCA1A1D9EE025007891E9 /* Resources */ = {
			isa = PBXResourcesBuildPhase;
			buildActionMask = 2147483647;
			files = (
			);
			runOnlyForDeploymentPostprocessing = 0;
		};
/* End PBXResourcesBuildPhase section */

/* Begin PBXSourcesBuildPhase section */
		479FC9F91D9EE025007891E9 /* Sources */ = {
			isa = PBXSourcesBuildPhase;
			buildActionMask = 2147483647;
			files = (
				479FCA031D9EE025007891E9 /* ViewController.swift in Sources */,
				479FCA011D9EE025007891E9 /* AppDelegate.swift in Sources */,
			);
			runOnlyForDeploymentPostprocessing = 0;
		};
		479FCA0D1D9EE025007891E9 /* Sources */ = {
			isa = PBXSourcesBuildPhase;
			buildActionMask = 2147483647;
			files = (
				479FCA161D9EE025007891E9 /* ClubTracker_NewTests.swift in Sources */,
			);
			runOnlyForDeploymentPostprocessing = 0;
		};
		479FCA181D9EE025007891E9 /* Sources */ = {
			isa = PBXSourcesBuildPhase;
			buildActionMask = 2147483647;
			files = (
				479FCA211D9EE025007891E9 /* ClubTracker_NewUITests.swift in Sources */,
			);
			runOnlyForDeploymentPostprocessing = 0;
		};
/* End PBXSourcesBuildPhase section */

/* Begin PBXTargetDependency section */
		479FCA131D9EE025007891E9 /* PBXTargetDependency */ = {
			isa = PBXTargetDependency;
			target = 479FC9FC1D9EE025007891E9 /* ClubTracker_New */;
			targetProxy = 479FCA121D9EE025007891E9 /* PBXContainerItemProxy */;
		};
		479FCA1E1D9EE025007891E9 /* PBXTargetDependency */ = {
			isa = PBXTargetDependency;
			target = 479FC9FC1D9EE025007891E9 /* ClubTracker_New */;
			targetProxy = 479FCA1D1D9EE025007891E9 /* PBXContainerItemProxy */;
		};
/* End PBXTargetDependency section */

/* Begin PBXVariantGroup section */
		479FCA041D9EE025007891E9 /* Main.storyboard */ = {
			isa = PBXVariantGroup;
			children = (
				479FCA051D9EE025007891E9 /* Base */,
			);
			name = Main.storyboard;
			sourceTree = "<group>";
		};
		479FCA091D9EE025007891E9 /* LaunchScreen.storyboard */ = {
			isa = PBXVariantGroup;
			children = (
				479FCA0A1D9EE025007891E9 /* Base */,
			);
			name = LaunchScreen.storyboard;
			sourceTree = "<group>";
		};
/* End PBXVariantGroup section */

/* Begin XCBuildConfiguration section */
		479FCA231D9EE025007891E9 /* Debug */ = {
			isa = XCBuildConfiguration;
			buildSettings = {
				ALWAYS_SEARCH_USER_PATHS = NO;
				CLANG_ANALYZER_NONNULL = YES;
				CLANG_CXX_LANGUAGE_STANDARD = "gnu++0x";
				CLANG_CXX_LIBRARY = "libc++";
				CLANG_ENABLE_MODULES = YES;
				CLANG_ENABLE_OBJC_ARC = YES;
				CLANG_WARN_BOOL_CONVERSION = YES;
				CLANG_WARN_CONSTANT_CONVERSION = YES;
				CLANG_WARN_DIRECT_OBJC_ISA_USAGE = YES_ERROR;
				CLANG_WARN_EMPTY_BODY = YES;
				CLANG_WARN_ENUM_CONVERSION = YES;
				CLANG_WARN_INT_CONVERSION = YES;
				CLANG_WARN_OBJC_ROOT_CLASS = YES_ERROR;
				CLANG_WARN_UNREACHABLE_CODE = YES;
				CLANG_WARN__DUPLICATE_METHOD_MATCH = YES;
				"CODE_SIGN_IDENTITY[sdk=iphoneos*]" = "iPhone Developer";
				COPY_PHASE_STRIP = NO;
				DEBUG_INFORMATION_FORMAT = dwarf;
				ENABLE_STRICT_OBJC_MSGSEND = YES;
				ENABLE_TESTABILITY = YES;
				GCC_C_LANGUAGE_STANDARD = gnu99;
				GCC_DYNAMIC_NO_PIC = NO;
				GCC_NO_COMMON_BLOCKS = YES;
				GCC_OPTIMIZATION_LEVEL = 0;
				GCC_PREPROCESSOR_DEFINITIONS = (
					"DEBUG=1",
					"$(inherited)",
				);
				GCC_WARN_64_TO_32_BIT_CONVERSION = YES;
				GCC_WARN_ABOUT_RETURN_TYPE = YES_ERROR;
				GCC_WARN_UNDECLARED_SELECTOR = YES;
				GCC_WARN_UNINITIALIZED_AUTOS = YES_AGGRESSIVE;
				GCC_WARN_UNUSED_FUNCTION = YES;
				GCC_WARN_UNUSED_VARIABLE = YES;
				IPHONEOS_DEPLOYMENT_TARGET = 9.3;
				MTL_ENABLE_DEBUG_INFO = YES;
				ONLY_ACTIVE_ARCH = YES;
				SDKROOT = iphoneos;
				SWIFT_OPTIMIZATION_LEVEL = "-Onone";
				TARGETED_DEVICE_FAMILY = "1,2";
			};
			name = Debug;
		};
		479FCA241D9EE025007891E9 /* Release */ = {
			isa = XCBuildConfiguration;
			buildSettings = {
				ALWAYS_SEARCH_USER_PATHS = NO;
				CLANG_ANALYZER_NONNULL = YES;
				CLANG_CXX_LANGUAGE_STANDARD = "gnu++0x";
				CLANG_CXX_LIBRARY = "libc++";
				CLANG_ENABLE_MODULES = YES;
				CLANG_ENABLE_OBJC_ARC = YES;
				CLANG_WARN_BOOL_CONVERSION = YES;
				CLANG_WARN_CONSTANT_CONVERSION = YES;
				CLANG_WARN_DIRECT_OBJC_ISA_USAGE = YES_ERROR;
				CLANG_WARN_EMPTY_BODY = YES;
				CLANG_WARN_ENUM_CONVERSION = YES;
				CLANG_WARN_INT_CONVERSION = YES;
				CLANG_WARN_OBJC_ROOT_CLASS = YES_ERROR;
				CLANG_WARN_UNREACHABLE_CODE = YES;
				CLANG_WARN__DUPLICATE_METHOD_MATCH = YES;
				"CODE_SIGN_IDENTITY[sdk=iphoneos*]" = "iPhone Developer";
				COPY_PHASE_STRIP = NO;
				DEBUG_INFORMATION_FORMAT = "dwarf-with-dsym";
				ENABLE_NS_ASSERTIONS = NO;
				ENABLE_STRICT_OBJC_MSGSEND = YES;
				GCC_C_LANGUAGE_STANDARD = gnu99;
				GCC_NO_COMMON_BLOCKS = YES;
				GCC_WARN_64_TO_32_BIT_CONVERSION = YES;
				GCC_WARN_ABOUT_RETURN_TYPE = YES_ERROR;
				GCC_WARN_UNDECLARED_SELECTOR = YES;
				GCC_WARN_UNINITIALIZED_AUTOS = YES_AGGRESSIVE;
				GCC_WARN_UNUSED_FUNCTION = YES;
				GCC_WARN_UNUSED_VARIABLE = YES;
				IPHONEOS_DEPLOYMENT_TARGET = 9.3;
				MTL_ENABLE_DEBUG_INFO = NO;
				SDKROOT = iphoneos;
				TARGETED_DEVICE_FAMILY = "1,2";
				VALIDATE_PRODUCT = YES;
			};
			name = Release;
		};
		479FCA261D9EE025007891E9 /* Debug */ = {
			isa = XCBuildConfiguration;
			buildSettings = {
				ASSETCATALOG_COMPILER_APPICON_NAME = AppIcon;
				INFOPLIST_FILE = ClubTracker_New/Info.plist;
				LD_RUNPATH_SEARCH_PATHS = "$(inherited) @executable_path/Frameworks";
				PRODUCT_BUNDLE_IDENTIFIER = "Karma-Inc.ClubTracker-New";
				PRODUCT_NAME = "$(TARGET_NAME)";
			};
			name = Debug;
		};
		479FCA271D9EE025007891E9 /* Release */ = {
			isa = XCBuildConfiguration;
			buildSettings = {
				ASSETCATALOG_COMPILER_APPICON_NAME = AppIcon;
				INFOPLIST_FILE = ClubTracker_New/Info.plist;
				LD_RUNPATH_SEARCH_PATHS = "$(inherited) @executable_path/Frameworks";
				PRODUCT_BUNDLE_IDENTIFIER = "Karma-Inc.ClubTracker-New";
				PRODUCT_NAME = "$(TARGET_NAME)";
			};
			name = Release;
		};
		479FCA291D9EE025007891E9 /* Debug */ = {
			isa = XCBuildConfiguration;
			buildSettings = {
				BUNDLE_LOADER = "$(TEST_HOST)";
				INFOPLIST_FILE = ClubTracker_NewTests/Info.plist;
				LD_RUNPATH_SEARCH_PATHS = "$(inherited) @executable_path/Frameworks @loader_path/Frameworks";
				PRODUCT_BUNDLE_IDENTIFIER = "Karma-Inc.ClubTracker-NewTests";
				PRODUCT_NAME = "$(TARGET_NAME)";
				TEST_HOST = "$(BUILT_PRODUCTS_DIR)/ClubTracker_New.app/ClubTracker_New";
			};
			name = Debug;
		};
		479FCA2A1D9EE025007891E9 /* Release */ = {
			isa = XCBuildConfiguration;
			buildSettings = {
				BUNDLE_LOADER = "$(TEST_HOST)";
				INFOPLIST_FILE = ClubTracker_NewTests/Info.plist;
				LD_RUNPATH_SEARCH_PATHS = "$(inherited) @executable_path/Frameworks @loader_path/Frameworks";
				PRODUCT_BUNDLE_IDENTIFIER = "Karma-Inc.ClubTracker-NewTests";
				PRODUCT_NAME = "$(TARGET_NAME)";
				TEST_HOST = "$(BUILT_PRODUCTS_DIR)/ClubTracker_New.app/ClubTracker_New";
			};
			name = Release;
		};
		479FCA2C1D9EE025007891E9 /* Debug */ = {
			isa = XCBuildConfiguration;
			buildSettings = {
				INFOPLIST_FILE = ClubTracker_NewUITests/Info.plist;
				LD_RUNPATH_SEARCH_PATHS = "$(inherited) @executable_path/Frameworks @loader_path/Frameworks";
				PRODUCT_BUNDLE_IDENTIFIER = "Karma-Inc.ClubTracker-NewUITests";
				PRODUCT_NAME = "$(TARGET_NAME)";
				TEST_TARGET_NAME = ClubTracker_New;
			};
			name = Debug;
		};
		479FCA2D1D9EE025007891E9 /* Release */ = {
			isa = XCBuildConfiguration;
			buildSettings = {
				INFOPLIST_FILE = ClubTracker_NewUITests/Info.plist;
				LD_RUNPATH_SEARCH_PATHS = "$(inherited) @executable_path/Frameworks @loader_path/Frameworks";
				PRODUCT_BUNDLE_IDENTIFIER = "Karma-Inc.ClubTracker-NewUITests";
				PRODUCT_NAME = "$(TARGET_NAME)";
				TEST_TARGET_NAME = ClubTracker_New;
			};
			name = Release;
		};
/* End XCBuildConfiguration section */

/* Begin XCConfigurationList section */
		479FC9F81D9EE025007891E9 /* Build configuration list for PBXProject "ClubTracker_New" */ = {
			isa = XCConfigurationList;
			buildConfigurations = (
				479FCA231D9EE025007891E9 /* Debug */,
				479FCA241D9EE025007891E9 /* Release */,
			);
			defaultConfigurationIsVisible = 0;
			defaultConfigurationName = Release;
		};
		479FCA251D9EE025007891E9 /* Build configuration list for PBXNativeTarget "ClubTracker_New" */ = {
			isa = XCConfigurationList;
			buildConfigurations = (
				479FCA261D9EE025007891E9 /* Debug */,
				479FCA271D9EE025007891E9 /* Release */,
			);
			defaultConfigurationIsVisible = 0;
		};
		479FCA281D9EE025007891E9 /* Build configuration list for PBXNativeTarget "ClubTracker_NewTests" */ = {
			isa = XCConfigurationList;
			buildConfigurations = (
				479FCA291D9EE025007891E9 /* Debug */,
				479FCA2A1D9EE025007891E9 /* Release */,
			);
			defaultConfigurationIsVisible = 0;
		};
		479FCA2B1D9EE025007891E9 /* Build configuration list for PBXNativeTarget "ClubTracker_NewUITests" */ = {
			isa = XCConfigurationList;
			buildConfigurations = (
				479FCA2C1D9EE025007891E9 /* Debug */,
				479FCA2D1D9EE025007891E9 /* Release */,
			);
			defaultConfigurationIsVisible = 0;
		};
/* End XCConfigurationList section */
	};
	rootObject = 479FC9F51D9EE025007891E9 /* Project object */;
}
